
Microsoft Visual Studio Solution File, Format Version 12.00
# Visual Studio Version 18
VisualStudioVersion = 18.2.11415.280
MinimumVisualStudioVersion = 10.0.40219.1
Project("{FAE04EC0-301F-11D3-BF4B-00C04F79EFBC}") = "WateryTart.MASSClient", "WateryTart.MASSClient\WateryTart.MASSClient.csproj", "{0D3627A8-02B2-490F-B0B4-EBA2F7DD577C}"
EndProject
Project("{FAE04EC0-301F-11D3-BF4B-00C04F79EFBC}") = "WateryTart", "WateryTart\WateryTart.csproj", "{D5F9356F-31CD-489C-8A2A-38D115559F86}"
EndProject
Global
	GlobalSection(SolutionConfigurationPlatforms) = preSolution
		Debug|Any CPU = Debug|Any CPU
		Release|Any CPU = Release|Any CPU
	EndGlobalSection
	GlobalSection(ProjectConfigurationPlatforms) = postSolution
		{0D3627A8-02B2-490F-B0B4-EBA2F7DD577C}.Debug|Any CPU.ActiveCfg = Debug|Any CPU
		{0D3627A8-02B2-490F-B0B4-EBA2F7DD577C}.Debug|Any CPU.Build.0 = Debug|Any CPU
		{0D3627A8-02B2-490F-B0B4-EBA2F7DD577C}.Release|Any CPU.ActiveCfg = Release|Any CPU
		{0D3627A8-02B2-490F-B0B4-EBA2F7DD577C}.Release|Any CPU.Build.0 = Release|Any CPU
		{D5F9356F-31CD-489C-8A2A-38D115559F86}.Debug|Any CPU.ActiveCfg = Debug|Any CPU
		{D5F9356F-31CD-489C-8A2A-38D115559F86}.Debug|Any CPU.Build.0 = Debug|Any CPU
		{D5F9356F-31CD-489C-8A2A-38D115559F86}.Release|Any CPU.ActiveCfg = Release|Any CPU
		{D5F9356F-31CD-489C-8A2A-38D115559F86}.Release|Any CPU.Build.0 = Release|Any CPU
	EndGlobalSection
	GlobalSection(SolutionProperties) = preSolution
		HideSolutionNode = FALSE
	EndGlobalSection
	GlobalSection(ExtensibilityGlobals) = postSolution
		SolutionGuid = {00B9636A-5238-425D-8DE9-463C9CF8598C}
	EndGlobalSection
EndGlobal
