{
  "version": 2,
  "dependencies": {
    "net10.0": {
      "Avalonia.Desktop": {
        "type": "Direct",
        "requested": "[11.3.12, )",
        "resolved": "11.3.12",
        "contentHash": "zwtEFNvXB60z7rHD92oISkCQq0PcFyttfAW+cgcfALECegtNkd9P9/UXIuE0GvMVBVUPTRUQeSB6/jhwZKqqRQ==",
        "dependencies": {
          "Avalonia": "11.3.12",
          "Avalonia.Native": "11.3.12",
          "Avalonia.Skia": "11.3.12",
          "Avalonia.Win32": "11.3.12",
          "Avalonia.X11": "11.3.12"
        }
      },
      "Avalonia.Diagnostics": {
        "type": "Direct",
        "requested": "[11.3.12, )",
        "resolved": "11.3.12",
        "contentHash": "fV+CTB/IDsFPqUVu5OQbpFLNeGLv9EmwxEjjuesJkzgT5R7mhkpLdZN3iWNC8gWkb2zfWG6mhu/q9jzDkiNhLA==",
        "dependencies": {
          "Avalonia": "11.3.12",
          "Avalonia.Controls.ColorPicker": "11.3.12",
          "Avalonia.Themes.Simple": "11.3.12"
        }
      },
      "ReactiveUI.SourceGenerators": {
        "type": "Direct",
        "requested": "[2.6.1, )",
        "resolved": "2.6.1",
        "contentHash": "QU2EQZriHX9gvUx9Y3Eb0yZYzCGJbBnbSZQMmoH90ROzLNzDsslFFqz/bX89EmcMfr+8cOK3/b80zub3X/erHw==",
        "dependencies": {
          "ReactiveUI.SourceGenerators.Analyzers.CodeFixes": "2.6.1"
        }
      },
      "Silk.NET.OpenAL": {
        "type": "Direct",
        "requested": "[2.23.0, )",
        "resolved": "2.23.0",
        "contentHash": "O8EaDRWGOcKniZ2VxKD/xOmugzUJz747KpqGRw3cezDsz8nD66OZW217o1rT06cG76f8eYigy/yY6eRdhRqHHQ==",
        "dependencies": {
          "Silk.NET.Core": "2.23.0"
        }
      },
      "Silk.NET.OpenAL.Soft.Native": {
        "type": "Direct",
        "requested": "[1.23.1, )",
        "resolved": "1.23.1",
        "contentHash": "gZIbksInoiXbJZmepYnTs5O6Edg5O5k86c1+Uus0zSaVnQx5WRbInGz2VTlvudbs0qAqXs/asL1YvJzco/nfAQ=="
      },
      "Xaml.Behaviors.Avalonia": {
        "type": "Direct",
        "requested": "[11.3.9.5, )",
        "resolved": "11.3.9.5",
        "contentHash": "psRA7UHw9VXChYar+Jn1kwfnUm4Tzl4CDEwuHgH8+V1UQgIBnblHN0xxU54fUUxxa+Z4VJb9OJsSh7En5CXu1A==",
        "dependencies": {
          "Avalonia": "11.3.9",
          "Xaml.Behaviors.Interactions": "11.3.9.5",
          "Xaml.Behaviors.Interactions.Custom": "11.3.9.5",
          "Xaml.Behaviors.Interactions.DragAndDrop": "11.3.9.5",
          "Xaml.Behaviors.Interactions.Draggable": "11.3.9.5",
          "Xaml.Behaviors.Interactions.Events": "11.3.9.5",
          "Xaml.Behaviors.Interactions.Responsive": "11.3.9.5",
          "Xaml.Behaviors.Interactivity": "11.3.9.5"
        }
      },
      "Avalonia.Angle.Windows.Natives": {
        "type": "Transitive",
        "resolved": "2.1.25547.20250602",
        "contentHash": "ZL0VLc4s9rvNNFt19Pxm5UNAkmKNylugAwJPX9ulXZ6JWs/l6XZihPWWTyezaoNOVyEPU8YbURtW7XMAtqXH5A=="
      },
      "Avalonia.BuildServices": {
        "type": "Transitive",
        "resolved": "11.3.2",
        "contentHash": "qHDToxto1e3hci5YqbG9n0Ty8mlp3zBUN5wT66wKqaDVzXyQ0do3EnRILd4Ke9jpvsktaPpgE0YjEk7hornryQ=="
      },
      "Avalonia.Controls.ColorPicker": {
        "type": "Transitive",
        "resolved": "11.3.12",
        "contentHash": "NIqh2J3LUYpKvk+eeIc6jXcPWwuL/Dr5DQF6ZL3qRETkOhGdec1G7D9aMFwxltx0cLhXPnuSpYnKPIBp31OrHw==",
        "dependencies": {
          "Avalonia": "11.3.12",
          "Avalonia.Remote.Protocol": "11.3.12"
        }
      },
      "Avalonia.FreeDesktop": {
        "type": "Transitive",
        "resolved": "11.3.12",
        "contentHash": "R1UdslorpUSmAt1SKNmmypkUPj993WpE4iUm5KvPd0mL0NQbIFra2DYYGb8GCtLOsupnA4pyNOU2FXumB2EGKA==",
        "dependencies": {
          "Avalonia": "11.3.12",
          "Tmds.DBus.Protocol": "0.21.2"
        }
      },
      "Avalonia.Native": {
        "type": "Transitive",
        "resolved": "11.3.12",
        "contentHash": "28q2DUSGUBVRpEQWYBo0crokZabPyI7KmA68++nm/qAe/9Zxmxythk/F36swAkI4pIU2ouLIKK0yxiFBy+xvNw==",
        "dependencies": {
          "Avalonia": "11.3.12"
        }
      },
      "Avalonia.Remote.Protocol": {
        "type": "Transitive",
        "resolved": "11.3.12",
        "contentHash": "zaWTPaBKxGfHxqQfPh1WP+vWy3iVAwYWW/7FGlz63/wT1b+3b7Wn37H6c9C2E/M3cgllrW5/cirye516QUDZiA=="
      },
      "Avalonia.Skia": {
        "type": "Transitive",
        "resolved": "11.3.12",
        "contentHash": "rlVMl2obc5hy4CHfLwA4+Lyu7KU+l5iSmj8leugoWofjgGDyUPa281VCo5FSH4+SkU1+EIXVJZubx2o02gp9nw==",
        "dependencies": {
          "Avalonia": "11.3.12",
          "HarfBuzzSharp": "8.3.1.1",
          "HarfBuzzSharp.NativeAssets.Linux": "8.3.1.1",
          "HarfBuzzSharp.NativeAssets.WebAssembly": "8.3.1.1",
          "SkiaSharp": "2.88.9",
          "SkiaSharp.NativeAssets.Linux": "2.88.9",
          "SkiaSharp.NativeAssets.WebAssembly": "2.88.9"
        }
      },
      "Avalonia.Themes.Simple": {
        "type": "Transitive",
        "resolved": "11.3.12",
        "contentHash": "Zubwo5oC2mjLGgHbkhqFIGnOLiPX6I8CfIBMknrhLH1YndKNSpm15o6jn5FASa+rshuBsylKA7iypEIPosXjWw==",
        "dependencies": {
          "Avalonia": "11.3.12"
        }
      },
      "Avalonia.Win32": {
        "type": "Transitive",
        "resolved": "11.3.12",
        "contentHash": "3Z8gSpWMU0NWR0fI/m8d9b6d9fms1MJ6eZJ7IU4CdU/zCrPiFTjtPfc2VRaRD/0H4tsR3VgP+iTMGZn5nBWljg==",
        "dependencies": {
          "Avalonia": "11.3.12",
          "Avalonia.Angle.Windows.Natives": "2.1.25547.20250602"
        }
      },
      "Avalonia.X11": {
        "type": "Transitive",
        "resolved": "11.3.12",
        "contentHash": "HR0zf0si52uu/hxPTIOI7gW68kPwz8D/fPYgioxISXAR+Yf6BH/TY/F/zrlu3LbptqU3ySoUmqkA9QJpXz04BQ==",
        "dependencies": {
          "Avalonia": "11.3.12",
          "Avalonia.FreeDesktop": "11.3.12",
          "Avalonia.Skia": "11.3.12"
        }
      },
      "Common.Logging": {
        "type": "Transitive",
        "resolved": "3.4.1",
        "contentHash": "5eZ/vgEOqzLg4PypZqnJ+wMhhgHyckicbZY4iDxqQ4FtOz0CpdYZ0xQ78aszMzeAJZiLLb5VdR9tPfunVQLz6g==",
        "dependencies": {
          "Common.Logging.Core": "3.4.1"
        }
      },
      "Common.Logging.Core": {
        "type": "Transitive",
        "resolved": "3.4.1",
        "contentHash": "wLHldZHvxsSD6Ahonfj00/SkfHfKqO+YT6jsUwVm8Rch1REL9IArHAcSLXxYxYfu5/4ydGtmXvOtaH3AkVPu0A=="
      },
      "Concentus": {
        "type": "Transitive",
        "resolved": "2.2.2",
        "contentHash": "2B9YmHPKO+k7YpAAnqmiXwiMJnfjfj1C868RszOll2iZWLnGTAiC1q21L/d7CvTan7T+hyqU8dR0Dcy3cpjVfQ=="
      },
      "DynamicData": {
        "type": "Transitive",
        "resolved": "9.4.1",
        "contentHash": "+SoDTbuzY9j0K+sZfRbbVpGjjylkVMhUQnw6qiPhxzYLBJlwxFpmunXSaNBtTxwC2C9d/XIp0kO7VhMAVuUt7w==",
        "dependencies": {
          "System.Reactive": "6.0.1"
        }
      },
      "Fleck": {
        "type": "Transitive",
        "resolved": "1.2.0",
        "contentHash": "bPLXn6QbLAFoviur6XbrKB0Zn6x04E8VibHXyHZeJsoC7bkUl5DVtzM5cZgDuqHkIrBqAXJyTNJwSNIc6wBJ2Q=="
      },
      "HarfBuzzSharp": {
        "type": "Transitive",
        "resolved": "8.3.1.1",
        "contentHash": "tLZN66oe/uiRPTZfrCU4i8ScVGwqHNh5MHrXj0yVf4l7Mz0FhTGnQ71RGySROTmdognAs0JtluHkL41pIabWuQ==",
        "dependencies": {
          "HarfBuzzSharp.NativeAssets.Win32": "8.3.1.1",
          "HarfBuzzSharp.NativeAssets.macOS": "8.3.1.1"
        }
      },
      "HarfBuzzSharp.NativeAssets.Linux": {
        "type": "Transitive",
        "resolved": "8.3.1.1",
        "contentHash": "3EZ1mpIiKWRLL5hUYA82ZHteeDIVaEA/Z0rA/wU6tjx6crcAkJnBPwDXZugBSfo8+J3EznvRJf49uMsqYfKrHg=="
      },
      "HarfBuzzSharp.NativeAssets.macOS": {
        "type": "Transitive",
        "resolved": "8.3.1.1",
        "contentHash": "jbtCsgftcaFLCA13tVKo5iWdElJScrulLTKJre36O4YQTIlwDtPPqhRZNk+Y0vv4D1gxbscasGRucUDfS44ofQ=="
      },
      "HarfBuzzSharp.NativeAssets.WebAssembly": {
        "type": "Transitive",
        "resolved": "8.3.1.1",
        "contentHash": "loJweK2u/mH/3C2zBa0ggJlITIszOkK64HLAZB7FUT670dTg965whLFYHDQo69NmC4+d9UN0icLC9VHidXaVCA=="
      },
      "HarfBuzzSharp.NativeAssets.Win32": {
        "type": "Transitive",
        "resolved": "8.3.1.1",
        "contentHash": "UsJtQsfAJoFDZrXc4hCUfRPMqccfKZ0iumJ/upcUjz/cmsTgVFGNEL5yaJWmkqsuFYdMWbj/En5/kS4PFl9hBA=="
      },
      "IPNetwork2": {
        "type": "Transitive",
        "resolved": "2.1.2",
        "contentHash": "DZF2SbtyqukkLSzyu0KqcXUBdhDXQ/K3QWM27vlvdPo3W+iI81pgUCNTwyynNyVc5Q9AIn0znFVVhHGbhiofUg==",
        "dependencies": {
          "NETStandard.Library": "1.6.1"
        }
      },
      "Makaretu.Dns": {
        "type": "Transitive",
        "resolved": "2.0.1",
        "contentHash": "qe/5w5Q/i2Xz2ZnCq3E49kLAtVFRuuBn40C1mQPWbLDwlHM0KVDzCkFqwxDedv7JgQis66Z9AZKyo1zCTRrdYA==",
        "dependencies": {
          "SimpleBase": "1.3.1"
        }
      },
      "Makaretu.Dns.Multicast": {
        "type": "Transitive",
        "resolved": "0.27.0",
        "contentHash": "MTMq3vca9yw8sMW0knox/lZcAkDghmH6FVLTRInJZWbuYE99QI/9k9EujsXusWQ8oDySXb/gX92bfZipKehQgw==",
        "dependencies": {
          "Common.Logging": "3.4.1",
          "IPNetwork2": "2.1.2",
          "Makaretu.Dns": "2.0.1",
          "Tmds.LibC": "0.2.0"
        }
      },
      "Material.Icons": {
        "type": "Transitive",
        "resolved": "2.4.1",
        "contentHash": "5/8ekF4GXqpluBF+kPfv3TytBpV5Z+h4CUU5iNCDC7+A9hPQvtn08ZUjMUXtcRGxGyfScHYDqzshzTvYiPTCdA=="
      },
      "MicroCom.Runtime": {
        "type": "Transitive",
        "resolved": "0.11.0",
        "contentHash": "MEnrZ3UIiH40hjzMDsxrTyi8dtqB5ziv3iBeeU4bXsL/7NLSal9F1lZKpK+tfBRnUoDSdtcW3KufE4yhATOMCA=="
      },
      "Microsoft.DotNet.PlatformAbstractions": {
        "type": "Transitive",
        "resolved": "3.1.6",
        "contentHash": "jek4XYaQ/PGUwDKKhwR8K47Uh1189PFzMeLqO83mXrXQVIpARZCcfuDedH50YDTepBkfijCZN5U/vZi++erxtg=="
      },
      "Microsoft.Extensions.Configuration": {
        "type": "Transitive",
        "resolved": "10.0.3",
        "contentHash": "H1Cjv2xmm7O3iAGmFTcnSM0ZhLQ/7SqefmAvSJoT1PbXoxeYc2fo0mCLn2JlVbr9E6YpoU9q/o0fI9neDJB0xQ==",
        "dependencies": {
          "Microsoft.Extensions.Configuration.Abstractions": "10.0.3",
          "Microsoft.Extensions.Primitives": "10.0.3"
        }
      },
      "Microsoft.Extensions.Configuration.Abstractions": {
        "type": "Transitive",
        "resolved": "10.0.3",
        "contentHash": "xVDHL0+SIgemfh95fTO9cGLe17TWv/ZP0n7m01z8X6pzt2DmQpucioWR/mYZA1sRlkWnkXzfl0JweLNWmE9WMg==",
        "dependencies": {
          "Microsoft.Extensions.Primitives": "10.0.3"
        }
      },
      "Microsoft.Extensions.Configuration.Binder": {
        "type": "Transitive",
        "resolved": "10.0.3",
        "contentHash": "759UhpKaR5Jsll9kXpkft4z/7tpeF7Dw2rTY/9f9JchaSQTpRFNIPkZFZvoo7fFpbjUaqtDlO5aiGpmQrp/EUA==",
        "dependencies": {
          "Microsoft.Extensions.Configuration": "10.0.3",
          "Microsoft.Extensions.Configuration.Abstractions": "10.0.3"
        }
      },
      "Microsoft.Extensions.DependencyInjection.Abstractions": {
        "type": "Transitive",
        "resolved": "10.0.3",
        "contentHash": "bwGMrRcAMWx2s/RDgja97p27rxSz2pEQW0+rX5cWAUWVETVJ/eyxGfjAl8vuG5a+lckWmPIE+vcuaZNVB5YDdw=="
      },
      "Microsoft.Extensions.DependencyModel": {
        "type": "Transitive",
        "resolved": "9.0.9",
        "contentHash": "fNGvKct2De8ghm0Bpfq0iWthtzIWabgOTi+gJhNOPhNJIowXNEUE2eZNW/zNCzrHVA3PXg2yZ+3cWZndC2IqYA=="
      },
      "Microsoft.Extensions.FileProviders.Abstractions": {
        "type": "Transitive",
        "resolved": "10.0.0",
        "contentHash": "/ppSdehKk3fuXjlqCDgSOtjRK/pSHU8eWgzSHfHdwVm5BP4Dgejehkw+PtxKG2j98qTDEHDst2Y99aNsmJldmw==",
        "dependencies": {
          "Microsoft.Extensions.Primitives": "10.0.0"
        }
      },
      "Microsoft.Extensions.FileProviders.Physical": {
        "type": "Transitive",
        "resolved": "10.0.0",
        "contentHash": "UZUQ74lQMmvcprlG8w+XpxBbyRDQqfb7GAnccITw32hdkUBlmm9yNC4xl4aR9YjgV3ounZcub194sdmLSfBmPA==",
        "dependencies": {
          "Microsoft.Extensions.FileProviders.Abstractions": "10.0.0",
          "Microsoft.Extensions.FileSystemGlobbing": "10.0.0",
          "Microsoft.Extensions.Primitives": "10.0.0"
        }
      },
      "Microsoft.Extensions.FileSystemGlobbing": {
        "type": "Transitive",
        "resolved": "10.0.0",
        "contentHash": "5hfVl/e+bx1px2UkN+1xXhd3hu7Ui6ENItBzckFaRDQXfr+SHT/7qrCDrlQekCF/PBtEu2vtk87U2+gDEF8EhQ=="
      },
      "Microsoft.Extensions.Logging.Abstractions": {
        "type": "Transitive",
        "resolved": "10.0.3",
        "contentHash": "lxl0WLk7ROgBFAsjcOYjQ8/DVK+VMszxGBzUhgtQmAsTNldLL5pk9NG/cWTsXHq0lUhUEAtZkEE7jOGOA8bGKQ==",
        "dependencies": {
          "Microsoft.Extensions.DependencyInjection.Abstractions": "10.0.3"
        }
      },
      "Microsoft.Extensions.Logging.Configuration": {
        "type": "Transitive",
        "resolved": "10.0.3",
        "contentHash": "PBlaoYeusaxNYyN4WFjzcXWlUDSvLUPxy/e6oP1SONOOYA/oBWT2uBmFGJMV9VTtXiXXxCB39LqlYWbsWE4UKA==",
        "dependencies": {
          "Microsoft.Extensions.Configuration": "10.0.3",
          "Microsoft.Extensions.Configuration.Abstractions": "10.0.3",
          "Microsoft.Extensions.Configuration.Binder": "10.0.3",
          "Microsoft.Extensions.DependencyInjection.Abstractions": "10.0.3",
          "Microsoft.Extensions.Logging": "10.0.3",
          "Microsoft.Extensions.Logging.Abstractions": "10.0.3",
          "Microsoft.Extensions.Options": "10.0.3",
          "Microsoft.Extensions.Options.ConfigurationExtensions": "10.0.3"
        }
      },
      "Microsoft.Extensions.Options": {
        "type": "Transitive",
        "resolved": "10.0.3",
        "contentHash": "hU6WzGTPvPoLA2ng1ILvWQb3g0qORdlHNsxI8IcPLumJb3suimYUl+bbDzdo1V4KFsvVhnMWzysHpKbZaoDQPQ==",
        "dependencies": {
          "Microsoft.Extensions.DependencyInjection.Abstractions": "10.0.3",
          "Microsoft.Extensions.Primitives": "10.0.3"
        }
      },
      "Microsoft.Extensions.Options.ConfigurationExtensions": {
        "type": "Transitive",
        "resolved": "10.0.3",
        "contentHash": "bn6QoBbbvwmzLIFyxrnL2/e+sqoNUOGbHyfWK9DPONMv1mDCYHm/C7MusYASM31b2lUx6OiDmonb3v+dv5t0nA==",
        "dependencies": {
          "Microsoft.Extensions.Configuration.Abstractions": "10.0.3",
          "Microsoft.Extensions.Configuration.Binder": "10.0.3",
          "Microsoft.Extensions.DependencyInjection.Abstractions": "10.0.3",
          "Microsoft.Extensions.Options": "10.0.3",
          "Microsoft.Extensions.Primitives": "10.0.3"
        }
      },
      "Microsoft.Extensions.Primitives": {
        "type": "Transitive",
        "resolved": "10.0.3",
        "contentHash": "GEcpTwo7sUoLGGNTqV1FZEuL+tTD9m81NX/mh099dqGNna07/UGZShKQNZRw4hv6nlliSUwYQgSYc7OR99Jufg=="
      },
      "Microsoft.IO.RecyclableMemoryStream": {
        "type": "Transitive",
        "resolved": "3.0.1",
        "contentHash": "s/s20YTVY9r9TPfTrN5g8zPF1YhwxyqO6PxUkrYTGI2B+OGPe9AdajWZrLhFqXIvqIW23fnUE4+ztrUWNU1+9g=="
      },
      "Microsoft.NETCore.Platforms": {
        "type": "Transitive",
        "resolved": "1.1.0",
        "contentHash": "kz0PEW2lhqygehI/d6XsPCQzD7ff7gUJaVGPVETX611eadGsA3A877GdSlU0LRVMCTH/+P3o2iDTak+S08V2+A=="
      },
      "Microsoft.Win32.SystemEvents": {
        "type": "Transitive",
        "resolved": "8.0.0",
        "contentHash": "9opKRyOKMCi2xJ7Bj7kxtZ1r9vbzosMvRrdEhVhDz8j8MoBGgB+WmC94yH839NPH+BclAjtQ/pyagvi/8gDLkw=="
      },
      "NETStandard.Library": {
        "type": "Transitive",
        "resolved": "1.6.1",
        "contentHash": "WcSp3+vP+yHNgS8EV5J7pZ9IRpeDuARBPN28by8zqff1wJQXm26PVU8L3/fYLBJVU7BtDyqNVWq2KlCVvSSR4A==",
        "dependencies": {
          "Microsoft.NETCore.Platforms": "1.1.0"
        }
      },
      "NuGet.Versioning": {
        "type": "Transitive",
        "resolved": "6.14.0",
        "contentHash": "4v4blkhCv8mpKtfx+z0G/X0daVCzdIaHSC51GkUspugi5JIMn2Bo8xm5PdZYF0U68gOBfz/+aPWMnpRd85Jbow=="
      },
      "ReactiveUI.SourceGenerators.Analyzers.CodeFixes": {
        "type": "Transitive",
        "resolved": "2.6.1",
        "contentHash": "zawC2el6QLXwapxg1N1Kf+8+sgd4h/QW0ruirnSvk/fuMt4PJmu6LpE00bMlIU3B3LZwMJFEbkrvB7wcs7OFKw=="
      },
      "runtime.linux-arm.runtime.native.System.IO.Ports": {
        "type": "Transitive",
        "resolved": "8.0.0",
        "contentHash": "gK720fg6HemDg8sXcfy+xCMZ9+hF78Gc7BmREbmkS4noqlu1BAr9qZtuWGhLzFjBfgecmdtl4+SYVwJ1VneZBQ=="
      },
      "runtime.linux-arm64.runtime.native.System.IO.Ports": {
        "type": "Transitive",
        "resolved": "8.0.0",
        "contentHash": "KYG6/3ojhEWbb3FwQAKgGWPHrY+HKUXXdVjJlrtyCLn3EMcNTaNcPadb2c0ndQzixZSmAxZKopXJr0nLwhOrpQ=="
      },
      "runtime.linux-x64.runtime.native.System.IO.Ports": {
        "type": "Transitive",
        "resolved": "8.0.0",
        "contentHash": "Wnw5vhA4mgGbIFoo6l9Fk3iEcwRSq49a1aKwJgXUCUtEQLCSUDjTGSxqy/oMUuOyyn7uLHsH8KgZzQ1y3lReiQ=="
      },
      "runtime.native.System.IO.Ports": {
        "type": "Transitive",
        "resolved": "8.0.0",
        "contentHash": "Ee7Sz5llLpTgyKIWzKI/GeuRSbFkOABgJRY00SqTY0OkTYtkB+9l5rFZfE7fxPA3c22RfytCBYkUdAkcmwMjQg==",
        "dependencies": {
          "runtime.linux-arm.runtime.native.System.IO.Ports": "8.0.0",
          "runtime.linux-arm64.runtime.native.System.IO.Ports": "8.0.0",
          "runtime.linux-x64.runtime.native.System.IO.Ports": "8.0.0",
          "runtime.osx-arm64.runtime.native.System.IO.Ports": "8.0.0",
          "runtime.osx-x64.runtime.native.System.IO.Ports": "8.0.0"
        }
      },
      "runtime.osx-arm64.runtime.native.System.IO.Ports": {
        "type": "Transitive",
        "resolved": "8.0.0",
        "contentHash": "rbUBLAaFW9oVkbsb0+XSrAo2QdhBeAyzLl5KQ6Oci9L/u626uXGKInsVJG6B9Z5EO8bmplC8tsMiaHK8wOBZ+w=="
      },
      "runtime.osx-x64.runtime.native.System.IO.Ports": {
        "type": "Transitive",
        "resolved": "8.0.0",
        "contentHash": "IcfB4jKtM9pkzP9OpYelEcUX1MiDt0IJPBh3XYYdEISFF+6Mc+T8WWi0dr9wVh1gtcdVjubVEIBgB8BHESlGfQ=="
      },
      "Silk.NET.Core": {
        "type": "Transitive",
        "resolved": "2.23.0",
        "contentHash": "D7AT/nnwlB+4RZ84XY8QNGBZMJI5z9l4CSSETIJ1wCfRJzRt/341y3MRZ4HbnFz4r/IGaWOEZr86iE+0/65yyQ==",
        "dependencies": {
          "Microsoft.DotNet.PlatformAbstractions": "3.1.6",
          "Microsoft.Extensions.DependencyModel": "9.0.9"
        }
      },
      "SimpleBase": {
        "type": "Transitive",
        "resolved": "1.3.1",
        "contentHash": "TqqQc+WFg3s10/PdnI2Dio0U7xEmVXhkf+ey4tOGZzjyd054rnNOLNVahJhMYmfBQdS7/jkVqC8xzLm/bkR3EA=="
      },
      "SkiaSharp.NativeAssets.Linux": {
        "type": "Transitive",
        "resolved": "2.88.9",
        "contentHash": "cWSaJKVPWAaT/WIn9c8T5uT/l4ETwHxNJTkEOtNKjphNo8AW6TF9O32aRkxqw3l8GUdUo66Bu7EiqtFh/XG0Zg==",
        "dependencies": {
          "SkiaSharp": "2.88.9"
        }
      },
      "SkiaSharp.NativeAssets.macOS": {
        "type": "Transitive",
        "resolved": "2.88.9",
        "contentHash": "Nv5spmKc4505Ep7oUoJ5vp3KweFpeNqxpyGDWyeEPTX2uR6S6syXIm3gj75dM0YJz7NPvcix48mR5laqs8dPuA=="
      },
      "SkiaSharp.NativeAssets.WebAssembly": {
        "type": "Transitive",
        "resolved": "2.88.9",
        "contentHash": "kt06RccBHSnAs2wDYdBSfsjIDbY3EpsOVqnlDgKdgvyuRA8ZFDaHRdWNx1VHjGgYzmnFCGiTJBnXFl5BqGwGnA=="
      },
      "SkiaSharp.NativeAssets.Win32": {
        "type": "Transitive",
        "resolved": "2.88.9",
        "contentHash": "wb2kYgU7iy84nQLYZwMeJXixvK++GoIuECjU4ECaUKNuflyRlJKyiRhN1MAHswvlvzuvkrjRWlK0Za6+kYQK7w=="
      },
      "Splat": {
        "type": "Transitive",
        "resolved": "17.1.1",
        "contentHash": "WwSoJ6aPHlXwWS2jfUtKQIgzQQDSuE/iGbqEFRcM1DKVQelf+XSfnaur6oAqzECobuJLC9nqUMeDH19gU6JDag==",
        "dependencies": {
          "Splat.Builder": "17.1.1",
          "Splat.Logging": "17.1.1",
          "System.Reactive": "6.0.2"
        }
      },
      "Splat.Builder": {
        "type": "Transitive",
        "resolved": "17.1.1",
        "contentHash": "xlA5ErMwa/mg//uC5Ajv4ns3HbWXE0VJiyfupdsLfC+1HPf2MIUUk9ViYxwearB9nkZ+mAmteVD0keBhg/LYsQ==",
        "dependencies": {
          "Splat.Core": "17.1.1",
          "System.Reactive": "6.0.2"
        }
      },
      "Splat.Core": {
        "type": "Transitive",
        "resolved": "17.1.1",
        "contentHash": "sRNcO9EcnrCMr2OF4IxD8gcHtIAfCi98GwVZEK9X294RQEBIsy7sHwy8fndlxLguIHvjDJMz85v+qd226pwdNw==",
        "dependencies": {
          "System.Reactive": "6.0.2"
        }
      },
      "Splat.Logging": {
        "type": "Transitive",
        "resolved": "17.1.1",
        "contentHash": "OSkQVj6/hYVHa0taPasaknuOLw4l8CH9oTFRNuFayDowhHtGg6+UQb2LeSJXV+EXRmUL2E/TFz2ucitnQyTXJQ==",
        "dependencies": {
          "Splat.Core": "17.1.1",
          "System.Reactive": "6.0.2"
        }
      },
      "System.CodeDom": {
        "type": "Transitive",
        "resolved": "8.0.0",
        "contentHash": "WTlRjL6KWIMr/pAaq3rYqh0TJlzpouaQ/W1eelssHgtlwHAH25jXTkUphTYx9HaIIf7XA6qs/0+YhtLEQRkJ+Q=="
      },
      "System.Drawing.Common": {
        "type": "Transitive",
        "resolved": "8.0.8",
        "contentHash": "4ZM1wvLjz9nVVExsfPAaSl/qOvU+QNedJL5rQ+2Wbow+iGeyO0e7XN07707rMBgaffEeeLrCZBwC0oHUuvRdPw==",
        "dependencies": {
          "Microsoft.Win32.SystemEvents": "8.0.0"
        }
      },
      "System.IO.Ports": {
        "type": "Transitive",
        "resolved": "8.0.0",
        "contentHash": "MaiPbx2/QXZc62gm/DrajRrGPG1lU4m08GWMoWiymPYM+ba4kfACp2PbiYpqJ4QiFGhHD00zX3RoVDTucjWe9g==",
        "dependencies": {
          "runtime.native.System.IO.Ports": "8.0.0"
        }
      },
      "System.Management": {
        "type": "Transitive",
        "resolved": "8.0.0",
        "contentHash": "jrK22i5LRzxZCfGb+tGmke2VH7oE0DvcDlJ1HAKYU8cPmD8XnpUT0bYn2Gy98GEhGjtfbR/sxKTVb+dE770pfA==",
        "dependencies": {
          "System.CodeDom": "8.0.0"
        }
      },
      "Tmds.DBus.Protocol": {
        "type": "Transitive",
        "resolved": "0.21.2",
        "contentHash": "ScSMrUrrw8px4kK1Glh0fZv/HQUlg1078bNXNPfRPKQ3WbRzV9HpsydYEOgSoMK5LWICMf2bMwIFH0pGjxjcMA=="
      },
      "Tmds.LibC": {
        "type": "Transitive",
        "resolved": "0.2.0",
        "contentHash": "+RvLuNHOLW7cxzgDe9yHLoayBgjsuH2/gJtJnuVMxweKrxxYT6TwQNAmt06SFWpjwk68aRcwwD4FfMMA6tZvVA=="
      },
      "UnitsNet": {
        "type": "Transitive",
        "resolved": "5.74.0",
        "contentHash": "aj5klH43LvitOz0lC+6MnVy+uj6DR8shwnzIGsmtRAhHJN6XxtC4mdn+MbkOlZ20dGgGKrIwh4LBQMAf7SL9uA=="
      },
      "Xaml.Behaviors.Interactions.Custom": {
        "type": "Transitive",
        "resolved": "11.3.9.5",
        "contentHash": "bNY5JI/SrP64C9IfW+DFrTD7QrbjLF0CBqda5R15p6QC968wOOzfpUyblrR/XHETQD+dONPAh+0vSzK/pw5Ptw==",
        "dependencies": {
          "Avalonia": "11.3.9",
          "Xaml.Behaviors.Interactivity": "11.3.9.5"
        }
      },
      "Xaml.Behaviors.Interactions.DragAndDrop": {
        "type": "Transitive",
        "resolved": "11.3.9.5",
        "contentHash": "YdWv+RE0d9f/z0zFHVas2P1gT/VH5oPKgs6Jm9u6XBuq96xPVpDqOrm3adk9vc1QWRGS+3XYYz6AzHgbXRHuIQ==",
        "dependencies": {
          "Avalonia": "11.3.9",
          "Xaml.Behaviors.Interactivity": "11.3.9.5"
        }
      },
      "Xaml.Behaviors.Interactions.Draggable": {
        "type": "Transitive",
        "resolved": "11.3.9.5",
        "contentHash": "D1Cblok1nIKGELuMKuTbWR2EitJKu09Vew5iCqU2eJLGg5ThAvFrl35mAVwj5fBeKjN95CBfbw2Uh3c4WBh5kw==",
        "dependencies": {
          "Avalonia": "11.3.9",
          "Xaml.Behaviors.Interactivity": "11.3.9.5"
        }
      },
      "Xaml.Behaviors.Interactions.Events": {
        "type": "Transitive",
        "resolved": "11.3.9.5",
        "contentHash": "65SITd1BCc++mMv66396t57e5IhDGy3pBn8SiM0fNnUuE6/mVmDo2KkStQq5o3HHAJPY2lqotL0QysHSc2vg9Q==",
        "dependencies": {
          "Avalonia": "11.3.9",
          "Xaml.Behaviors.Interactivity": "11.3.9.5"
        }
      },
      "Xaml.Behaviors.Interactions.Responsive": {
        "type": "Transitive",
        "resolved": "11.3.9.5",
        "contentHash": "RzbrgqO8Y6SIPVzn3IQpGQ9rKvx8jjWnrxiUJHR01dCeE7jp62jzMDPJnfpjz/S5DMq0c3nW/kcQ3Dhv4NEBpA==",
        "dependencies": {
          "Avalonia": "11.3.9",
          "Xaml.Behaviors.Interactivity": "11.3.9.5"
        }
      },
      "waterytart.core": {
        "type": "Project",
        "dependencies": {
          "AsyncImageLoader.Avalonia": "[3.6.0, )",
          "Autofac": "[9.0.0, )",
          "Avalonia": "[11.3.12, )",
          "Avalonia.Diagnostics": "[11.3.12, )",
          "Avalonia.Fonts.Inter": "[11.3.12, )",
          "Avalonia.Themes.Fluent": "[11.3.12, )",
          "AvaloniaUI.DiagnosticsSupport": "[2.1.1, )",
          "CommunityToolkit.Mvvm": "[8.4.0, )",
          "Deadpikle.AvaloniaProgressRing": "[0.10.10, )",
          "Iot.Device.Bindings": "[4.1.0, )",
          "Karambolo.Extensions.Logging.File": "[4.1.0, )",
          "Material.Icons.Avalonia": "[2.4.1, )",
          "Microsoft.Extensions.Logging.Console": "[10.0.3, )",
          "ReactiveUI.Avalonia": "[11.3.8, )",
          "Sendspin.SDK": "[6.3.5, )",
          "SharpHook": "[7.1.1, )",
          "SkiaSharp": "[2.88.9, )",
          "System.Device.Gpio": "[4.1.0, )",
          "Velopack": "[0.0.1298, )",
          "WateryTart.MusicAssistant": "[3.0.1, )",
          "XVolume": "[0.1.1, )",
          "Xaml.Behaviors.Avalonia": "[11.3.9.5, )",
          "Xaml.Behaviors.Interactivity": "[11.3.9.5, )",
          "Zeroconf": "[3.7.16, )"
        }
      },
      "AsyncImageLoader.Avalonia": {
        "type": "CentralTransitive",
        "requested": "[3.6.0, )",
        "resolved": "3.6.0",
        "contentHash": "MXZjvfVM1RGFisN6HkVZqpA9qXI1NBszwZ68TGrJY0dZB/zYCqlo8lbkIYj6LU3eRHHPt4IHJbWoKIFTqSINIw==",
        "dependencies": {
          "Avalonia": "11.1.0"
        }
      },
      "Autofac": {
        "type": "CentralTransitive",
        "requested": "[9.0.0, )",
        "resolved": "9.0.0",
        "contentHash": "G8TpUMVIq1pEAMuAao8h5MKduY91SotjgK93wQb5LaxbJUVE0/XjCA6t2SOp+AkPC3GB/C2MAiF2D7krYjraFw=="
      },
      "Avalonia": {
        "type": "CentralTransitive",
        "requested": "[11.3.12, )",
        "resolved": "11.3.12",
        "contentHash": "CHB0gXMSba8gTXqTrO9lS1te9ejH52ngHPm+0i/RfXFzqHXHPQ3yciFc/GfGnXUBjqjwH85J1rhYNl4/EujP0w==",
        "dependencies": {
          "Avalonia.BuildServices": "11.3.2",
          "Avalonia.Remote.Protocol": "11.3.12",
          "MicroCom.Runtime": "0.11.0"
        }
      },
      "Avalonia.Fonts.Inter": {
        "type": "CentralTransitive",
        "requested": "[11.3.12, )",
        "resolved": "11.3.12",
        "contentHash": "Q28QGYnGbvrlTwg6md5U0sR8PuP7H77cysnJDR6a/hnCBH71/GPKxi4GGOKh2qFyo15XmvAwNZ+3QetfnOKSXw==",
        "dependencies": {
          "Avalonia": "11.3.12"
        }
      },
      "Avalonia.Themes.Fluent": {
        "type": "CentralTransitive",
        "requested": "[11.3.12, )",
        "resolved": "11.3.12",
        "contentHash": "umclBVVjbKdbh6i+dAtbDlVIPS8A83S222fxgC1w0zqWvJrk9NwfFsnIQVBHxN/1hLPVMcUfp5Gxu2FOPWjDaQ==",
        "dependencies": {
          "Avalonia": "11.3.12"
        }
      },
      "AvaloniaUI.DiagnosticsSupport": {
        "type": "CentralTransitive",
        "requested": "[2.1.1, )",
        "resolved": "2.1.1",
        "contentHash": "o6ASMKGbVZX0e98ozBanx4LY8JuNXSY60lP0GaujGdhgCqPGdu1iv8AdAUDZk90L1bwDHG0NeUu7z+4qM9vIRA==",
        "dependencies": {
          "Avalonia": "11.2.0",
          "Microsoft.Extensions.Logging.Abstractions": "8.0.0",
          "Microsoft.IO.RecyclableMemoryStream": "3.0.1"
        }
      },
      "CommunityToolkit.Mvvm": {
        "type": "CentralTransitive",
        "requested": "[8.4.0, )",
        "resolved": "8.4.0",
        "contentHash": "tqVU8yc/ADO9oiTRyTnwhFN68hCwvkliMierptWOudIAvWY1mWCh5VFh+guwHJmpMwfg0J0rY+yyd5Oy7ty9Uw=="
      },
      "Deadpikle.AvaloniaProgressRing": {
        "type": "CentralTransitive",
        "requested": "[0.10.10, )",
        "resolved": "0.10.10",
        "contentHash": "0JYNdCQgDegmhaBfNcbQ73UeaTA8yNvGKATBf1gYwFx3V2zxPSzjpXFzHiwO3poXZhmoaMxolbEWvlcxS/pDUg==",
        "dependencies": {
          "Avalonia": "11.2.1"
        }
      },
      "Iot.Device.Bindings": {
        "type": "CentralTransitive",
        "requested": "[4.1.0, )",
        "resolved": "4.1.0",
        "contentHash": "bDSWfu/o2PME0bZKCe6KHihtlLVbSICjg2lMOqxtaFmgUGHI6KUY4q3wyOVGgTibjHcMKKvGl5MvGUwP4IrM9g==",
        "dependencies": {
          "Microsoft.Extensions.Logging.Abstractions": "8.0.3",
          "System.Device.Gpio": "4.1.0",
          "System.Drawing.Common": "8.0.8",
          "System.IO.Ports": "8.0.0",
          "System.Management": "8.0.0",
          "UnitsNet": "5.74.0"
        }
      },
      "Karambolo.Extensions.Logging.File": {
        "type": "CentralTransitive",
        "requested": "[4.1.0, )",
        "resolved": "4.1.0",
        "contentHash": "mV/+C68gUoRpgGKi71i2gEdSGha90vvwV7fKchs8OB+12NEdMrY6YDCMU0Q6azTILDw1wyZ/2uWBMB+WcVGrAg==",
        "dependencies": {
          "Microsoft.Extensions.FileProviders.Physical": "10.0.0",
          "Microsoft.Extensions.Logging.Configuration": "10.0.0",
          "Microsoft.Extensions.Options.ConfigurationExtensions": "10.0.0"
        }
      },
      "Material.Icons.Avalonia": {
        "type": "CentralTransitive",
        "requested": "[2.4.1, )",
        "resolved": "2.4.1",
        "contentHash": "bJZzJCHfZDBg33ZyiSxvexMs2qMGkkv1XEgkAJkqLK9I8WNIUGLCnXcjoBrpSh2Sd2ytoD1IEjV72Zy54St3zA==",
        "dependencies": {
          "Avalonia": "11.0.0",
          "Material.Icons": "2.4.1"
        }
      },
      "Microsoft.Extensions.DependencyInjection": {
        "type": "CentralTransitive",
        "requested": "[10.0.2, )",
        "resolved": "10.0.3",
        "contentHash": "2DLOmC0EkB2smVK8lPP1PIKEgL1arE3CMp9XSIQB/Y7ev5nnnyuM/PizKJ6QfLD08QCYoopSC9SFdbYglDomYg==",
        "dependencies": {
          "Microsoft.Extensions.DependencyInjection.Abstractions": "10.0.3"
        }
      },
      "Microsoft.Extensions.Logging": {
        "type": "CentralTransitive",
        "requested": "[10.0.2, )",
        "resolved": "10.0.3",
        "contentHash": "8D9Er1cGXNjNDIB+VLBNHn386L5ls2FoiG9a6o12gyn+GG3w6jdfUhzT8dtBnKcevE7/fsVA8MS3FBgFfClFtQ==",
        "dependencies": {
          "Microsoft.Extensions.DependencyInjection": "10.0.3",
          "Microsoft.Extensions.Logging.Abstractions": "10.0.3",
          "Microsoft.Extensions.Options": "10.0.3"
        }
      },
      "Microsoft.Extensions.Logging.Console": {
        "type": "CentralTransitive",
        "requested": "[10.0.3, )",
        "resolved": "10.0.3",
        "contentHash": "7sRvbBH3icaV9qil8fyBKmR+yEZ0yDU6Bq/KgBwswS36164yGaxbf7Kd4hD1iHZ2GfvyoJWWqBUBm9QX/IASAQ==",
        "dependencies": {
          "Microsoft.Extensions.DependencyInjection.Abstractions": "10.0.3",
          "Microsoft.Extensions.Logging": "10.0.3",
          "Microsoft.Extensions.Logging.Abstractions": "10.0.3",
          "Microsoft.Extensions.Logging.Configuration": "10.0.3",
          "Microsoft.Extensions.Options": "10.0.3"
        }
      },
      "ReactiveUI": {
        "type": "CentralTransitive",
        "requested": "[22.3.1, )",
        "resolved": "22.2.1",
        "contentHash": "P0ZaWZdRVoycwfcEpkC8C/b9mbEJmueTPkBA4PON9NiopGjUY2YhIP5Dm8lki/FLH9aiKt18NXsDwv/mgO/1Dw==",
        "dependencies": {
          "DynamicData": "9.4.1",
          "Splat": "17.1.1",
          "System.Reactive": "6.1.0"
        }
      },
      "ReactiveUI.Avalonia": {
        "type": "CentralTransitive",
        "requested": "[11.3.8, )",
        "resolved": "11.3.8",
        "contentHash": "8GtFnYCyjcuTlGuUhvMMrY/sUmjuzSQbbtNQ3LYZEW7tkzXixDYnHZzqZU73W+NOnq2sBxds7gSUO52igFWVUw==",
        "dependencies": {
          "Avalonia": "11.3.8",
          "ReactiveUI": "22.2.1",
          "Splat": "17.1.1"
        }
      },
      "Sendspin.SDK": {
        "type": "CentralTransitive",
        "requested": "[6.3.5, )",
        "resolved": "6.3.5",
        "contentHash": "rxZjhzkPSe/NcFD+G9suCzVw7bueWARdJ22LJ+Cdl7C5p4Pqi9XMHw3j9D0P+TWfuXWm+SWYKglIQzMxS/65kg==",
        "dependencies": {
          "Concentus": "2.2.2",
          "Fleck": "1.2.0",
          "Makaretu.Dns.Multicast": "0.27.0",
          "Microsoft.Extensions.Logging.Abstractions": "8.0.2",
          "Zeroconf": "3.7.16"
        }
      },
      "SharpHook": {
        "type": "CentralTransitive",
        "requested": "[7.1.1, )",
        "resolved": "7.1.1",
        "contentHash": "IgzfEVFCVsO2LtMmAR6fAxEsCTJlqJtXGELLFBynGs6mlZwL/u2c+o3UXpQ7Yrc3+57eurKNSRfIKvaYBtccBA=="
      },
      "SkiaSharp": {
        "type": "CentralTransitive",
        "requested": "[2.88.9, )",
        "resolved": "2.88.9",
        "contentHash": "3MD5VHjXXieSHCleRLuaTXmL2pD0mB7CcOB1x2kA1I4bhptf4e3R27iM93264ZYuAq6mkUyX5XbcxnZvMJYc1Q==",
        "dependencies": {
          "SkiaSharp.NativeAssets.Win32": "2.88.9",
          "SkiaSharp.NativeAssets.macOS": "2.88.9"
        }
      },
      "System.Device.Gpio": {
        "type": "CentralTransitive",
        "requested": "[4.1.0, )",
        "resolved": "4.1.0",
        "contentHash": "Ip7o1kJ8B/UL5+7/21treDxue2/5Is6bfC3KWEBEYX5LH8jvRiypL1Muoe4HdEHa728Ge6t+5PZ7x02ibPp5Jg=="
      },
      "System.Reactive": {
        "type": "CentralTransitive",
        "requested": "[6.1.0, )",
        "resolved": "6.1.0",
        "contentHash": "M5cCC1ZMkZr9jbSQGTHnVkb5TDN67qWCV7AP8TAHdGkvDlu0puT5NzemESNn9+HkYIDpWpocP68/i+/ame2/2w=="
      },
      "Velopack": {
        "type": "CentralTransitive",
        "requested": "[0.0.1298, )",
        "resolved": "0.0.1298",
        "contentHash": "PJ6Nm28qJ4ChsHYzgHUJ8g+DGyyHes2+bwxY709+znMhgi8fMp8M1FTF8x6pZMjnsPCWVwoMlxVEyq0NLeRZtA==",
        "dependencies": {
          "NuGet.Versioning": "6.14.0"
        }
      },
      "WateryTart.MusicAssistant": {
        "type": "CentralTransitive",
        "requested": "[3.0.1, )",
        "resolved": "3.0.1",
        "contentHash": "t373Aokb2ijNzh+GeeS5JNxSCub+43T39OROQuNnSGw1JK7P67lmQKrIhTjv19NfxV7k2v3NCiONH0IVldZlwg==",
        "dependencies": {
          "Microsoft.Extensions.Logging": "10.0.2",
          "Microsoft.Extensions.Logging.Console": "10.0.2",
          "Websocket.Client": "5.3.0"
        }
      },
      "Websocket.Client": {
        "type": "CentralTransitive",
        "requested": "[5.3.0, )",
        "resolved": "5.3.0",
        "contentHash": "uhdDM+gruCEhHRCKCoyali1HJp0wSS/HBs5X9XZwULNKM2y5ML188TsvcEgWEFOx0NOaHfGNtfoC0cd1p2NOIg==",
        "dependencies": {
          "Microsoft.Extensions.Logging.Abstractions": "8.0.0",
          "Microsoft.IO.RecyclableMemoryStream": "3.0.0",
          "System.Reactive": "6.0.0"
        }
      },
      "Xaml.Behaviors.Interactions": {
        "type": "CentralTransitive",
        "requested": "[11.3.9.4, )",
        "resolved": "11.3.9.5",
        "contentHash": "4LOSqW/dL5Zr87JhCBc3eKrHW8FRX0ZIh7p+GrrTE0FY1Fj7KH+bBQHkscxqraZSnkUyoheXd2rCsHkvfg+Sxg==",
        "dependencies": {
          "Avalonia": "11.3.9",
          "Xaml.Behaviors.Interactivity": "11.3.9.5"
        }
      },
      "Xaml.Behaviors.Interactivity": {
        "type": "CentralTransitive",
        "requested": "[11.3.9.5, )",
        "resolved": "11.3.9.5",
        "contentHash": "MTkrL/OEurretVt/kqY5e8K6lClQk3ee59RzhQMixZlmzyUMWhlrIyfHlvYrahky5vsoqmPp4a6+Tg9s8FKUKQ==",
        "dependencies": {
          "Avalonia": "11.3.9"
        }
      },
      "XVolume": {
        "type": "CentralTransitive",
        "requested": "[0.1.1, )",
        "resolved": "0.1.1",
        "contentHash": "Y6dUw6NW2HzD81TSahClwDJUPWMVBIT+Y4n/4OMHCNovsR8CsxsRbqf+fZulFVgwqxrB/BcQdx/41eZS4KZqCw==",
        "dependencies": {
          "Microsoft.Extensions.Logging.Abstractions": "9.0.5"
        }
      },
      "Zeroconf": {
        "type": "CentralTransitive",
        "requested": "[3.7.16, )",
        "resolved": "3.7.16",
        "contentHash": "7NrPhT8r6a76TYVIuT0jSjLrWdwFNY0GaX1VWB6WVtI+4s3E+5Skd4IASjtEG6HFxWM4dbwPA5CpUCSFWmoYUg==",
        "dependencies": {
          "System.Reactive": "5.0.0"
        }
      }
    },
    "net10.0/osx-arm64": {
      "Silk.NET.OpenAL.Soft.Native": {
        "type": "Direct",
        "requested": "[1.23.1, )",
        "resolved": "1.23.1",
        "contentHash": "gZIbksInoiXbJZmepYnTs5O6Edg5O5k86c1+Uus0zSaVnQx5WRbInGz2VTlvudbs0qAqXs/asL1YvJzco/nfAQ=="
      },
      "Avalonia.Angle.Windows.Natives": {
        "type": "Transitive",
        "resolved": "2.1.25547.20250602",
        "contentHash": "ZL0VLc4s9rvNNFt19Pxm5UNAkmKNylugAwJPX9ulXZ6JWs/l6XZihPWWTyezaoNOVyEPU8YbURtW7XMAtqXH5A=="
      },
      "Avalonia.Native": {
        "type": "Transitive",
        "resolved": "11.3.12",
        "contentHash": "28q2DUSGUBVRpEQWYBo0crokZabPyI7KmA68++nm/qAe/9Zxmxythk/F36swAkI4pIU2ouLIKK0yxiFBy+xvNw==",
        "dependencies": {
          "Avalonia": "11.3.12"
        }
      },
      "HarfBuzzSharp.NativeAssets.Linux": {
        "type": "Transitive",
        "resolved": "8.3.1.1",
        "contentHash": "3EZ1mpIiKWRLL5hUYA82ZHteeDIVaEA/Z0rA/wU6tjx6crcAkJnBPwDXZugBSfo8+J3EznvRJf49uMsqYfKrHg=="
      },
      "HarfBuzzSharp.NativeAssets.macOS": {
        "type": "Transitive",
        "resolved": "8.3.1.1",
        "contentHash": "jbtCsgftcaFLCA13tVKo5iWdElJScrulLTKJre36O4YQTIlwDtPPqhRZNk+Y0vv4D1gxbscasGRucUDfS44ofQ=="
      },
      "HarfBuzzSharp.NativeAssets.Win32": {
        "type": "Transitive",
        "resolved": "8.3.1.1",
        "contentHash": "UsJtQsfAJoFDZrXc4hCUfRPMqccfKZ0iumJ/upcUjz/cmsTgVFGNEL5yaJWmkqsuFYdMWbj/En5/kS4PFl9hBA=="
      },
      "Microsoft.Win32.SystemEvents": {
        "type": "Transitive",
        "resolved": "8.0.0",
        "contentHash": "9opKRyOKMCi2xJ7Bj7kxtZ1r9vbzosMvRrdEhVhDz8j8MoBGgB+WmC94yH839NPH+BclAjtQ/pyagvi/8gDLkw=="
      },
      "runtime.linux-arm.runtime.native.System.IO.Ports": {
        "type": "Transitive",
        "resolved": "8.0.0",
        "contentHash": "gK720fg6HemDg8sXcfy+xCMZ9+hF78Gc7BmREbmkS4noqlu1BAr9qZtuWGhLzFjBfgecmdtl4+SYVwJ1VneZBQ=="
      },
      "runtime.linux-arm64.runtime.native.System.IO.Ports": {
        "type": "Transitive",
        "resolved": "8.0.0",
        "contentHash": "KYG6/3ojhEWbb3FwQAKgGWPHrY+HKUXXdVjJlrtyCLn3EMcNTaNcPadb2c0ndQzixZSmAxZKopXJr0nLwhOrpQ=="
      },
      "runtime.linux-x64.runtime.native.System.IO.Ports": {
        "type": "Transitive",
        "resolved": "8.0.0",
        "contentHash": "Wnw5vhA4mgGbIFoo6l9Fk3iEcwRSq49a1aKwJgXUCUtEQLCSUDjTGSxqy/oMUuOyyn7uLHsH8KgZzQ1y3lReiQ=="
      },
      "runtime.osx-arm64.runtime.native.System.IO.Ports": {
        "type": "Transitive",
        "resolved": "8.0.0",
        "contentHash": "rbUBLAaFW9oVkbsb0+XSrAo2QdhBeAyzLl5KQ6Oci9L/u626uXGKInsVJG6B9Z5EO8bmplC8tsMiaHK8wOBZ+w=="
      },
      "runtime.osx-x64.runtime.native.System.IO.Ports": {
        "type": "Transitive",
        "resolved": "8.0.0",
        "contentHash": "IcfB4jKtM9pkzP9OpYelEcUX1MiDt0IJPBh3XYYdEISFF+6Mc+T8WWi0dr9wVh1gtcdVjubVEIBgB8BHESlGfQ=="
      },
      "SkiaSharp.NativeAssets.Linux": {
        "type": "Transitive",
        "resolved": "2.88.9",
        "contentHash": "cWSaJKVPWAaT/WIn9c8T5uT/l4ETwHxNJTkEOtNKjphNo8AW6TF9O32aRkxqw3l8GUdUo66Bu7EiqtFh/XG0Zg==",
        "dependencies": {
          "SkiaSharp": "2.88.9"
        }
      },
      "SkiaSharp.NativeAssets.macOS": {
        "type": "Transitive",
        "resolved": "2.88.9",
        "contentHash": "Nv5spmKc4505Ep7oUoJ5vp3KweFpeNqxpyGDWyeEPTX2uR6S6syXIm3gj75dM0YJz7NPvcix48mR5laqs8dPuA=="
      },
      "SkiaSharp.NativeAssets.Win32": {
        "type": "Transitive",
        "resolved": "2.88.9",
        "contentHash": "wb2kYgU7iy84nQLYZwMeJXixvK++GoIuECjU4ECaUKNuflyRlJKyiRhN1MAHswvlvzuvkrjRWlK0Za6+kYQK7w=="
      },
      "System.IO.Ports": {
        "type": "Transitive",
        "resolved": "8.0.0",
        "contentHash": "MaiPbx2/QXZc62gm/DrajRrGPG1lU4m08GWMoWiymPYM+ba4kfACp2PbiYpqJ4QiFGhHD00zX3RoVDTucjWe9g==",
        "dependencies": {
          "runtime.native.System.IO.Ports": "8.0.0"
        }
      },
      "System.Management": {
        "type": "Transitive",
        "resolved": "8.0.0",
        "contentHash": "jrK22i5LRzxZCfGb+tGmke2VH7oE0DvcDlJ1HAKYU8cPmD8XnpUT0bYn2Gy98GEhGjtfbR/sxKTVb+dE770pfA==",
        "dependencies": {
          "System.CodeDom": "8.0.0"
        }
      },
      "Tmds.LibC": {
        "type": "Transitive",
        "resolved": "0.2.0",
        "contentHash": "+RvLuNHOLW7cxzgDe9yHLoayBgjsuH2/gJtJnuVMxweKrxxYT6TwQNAmt06SFWpjwk68aRcwwD4FfMMA6tZvVA=="
      },
      "SharpHook": {
        "type": "CentralTransitive",
        "requested": "[7.1.1, )",
        "resolved": "7.1.1",
        "contentHash": "IgzfEVFCVsO2LtMmAR6fAxEsCTJlqJtXGELLFBynGs6mlZwL/u2c+o3UXpQ7Yrc3+57eurKNSRfIKvaYBtccBA=="
      }
    }
  }
}