{
  "version": 2,
  "dependencies": {
    "net10.0": {
      "Avalonia.Desktop": {
        "type": "Direct",
        "requested": "[11.3.11, )",
        "resolved": "11.3.11",
        "contentHash": "m60U1jV96RquwYGg4Pzwp0ENL1HUrM3YZLMCes0gWRn8x+webT9V4Wfs58MAdTOukXPpy9t1XhEd4NON674Wmw==",
        "dependencies": {
          "Avalonia": "11.3.11",
          "Avalonia.Native": "11.3.11",
          "Avalonia.Skia": "11.3.11",
          "Avalonia.Win32": "11.3.11",
          "Avalonia.X11": "11.3.11"
        }
      },
      "Avalonia.Diagnostics": {
        "type": "Direct",
        "requested": "[11.3.11, )",
        "resolved": "11.3.11",
        "contentHash": "gqKcPTGRZG/ocet5vOmQrIpf+gQU4mOS3mVwIisSv1GAKA/+JmNcnp5ouaKikLbdGt7Qcw2ZKl+daMws9y6/mg==",
        "dependencies": {
          "Avalonia": "11.3.11",
          "Avalonia.Controls.ColorPicker": "11.3.11",
          "Avalonia.Themes.Simple": "11.3.11"
        }
      },
      "AvaloniaUI.DiagnosticsSupport": {
        "type": "Direct",
        "requested": "[2.1.1, )",
        "resolved": "2.1.1",
        "contentHash": "o6ASMKGbVZX0e98ozBanx4LY8JuNXSY60lP0GaujGdhgCqPGdu1iv8AdAUDZk90L1bwDHG0NeUu7z+4qM9vIRA==",
        "dependencies": {
          "Avalonia": "11.2.0",
          "Microsoft.Extensions.Logging.Abstractions": "8.0.0",
          "Microsoft.IO.RecyclableMemoryStream": "3.0.1"
        }
      },
      "NAudio.Core": {
        "type": "Direct",
        "requested": "[2.2.1, )",
        "resolved": "2.2.1",
        "contentHash": "GgkdP6K/7FqXFo7uHvoqGZTJvW4z8g2IffhOO4JHaLzKCdDOUEzVKtveoZkCuUX8eV2HAINqi7VFqlFndrnz/g=="
      },
      "NAudio.Wasapi": {
        "type": "Direct",
        "requested": "[2.2.1, )",
        "resolved": "2.2.1",
        "contentHash": "lFfXoqacZZe0WqNChJgGYI+XV/n/61LzPHT3C1CJp4khoxeo2sziyX5wzNYWeCMNbsWxFvT3b3iXeY1UYjBhZw==",
        "dependencies": {
          "NAudio.Core": "2.2.1"
        }
      },
      "ReactiveUI.SourceGenerators": {
        "type": "Direct",
        "requested": "[2.6.1, )",
        "resolved": "2.6.1",
        "contentHash": "QU2EQZriHX9gvUx9Y3Eb0yZYzCGJbBnbSZQMmoH90ROzLNzDsslFFqz/bX89EmcMfr+8cOK3/b80zub3X/erHw==",
        "dependencies": {
          "ReactiveUI.SourceGenerators.Analyzers.CodeFixes": "2.6.1"
        }
      },
      "Sendspin.SDK": {
        "type": "Direct",
        "requested": "[6.3.5, )",
        "resolved": "6.3.5",
        "contentHash": "rxZjhzkPSe/NcFD+G9suCzVw7bueWARdJ22LJ+Cdl7C5p4Pqi9XMHw3j9D0P+TWfuXWm+SWYKglIQzMxS/65kg==",
        "dependencies": {
          "Concentus": "2.2.2",
          "Fleck": "1.2.0",
          "Makaretu.Dns.Multicast": "0.27.0",
          "Microsoft.Extensions.Logging.Abstractions": "8.0.2",
          "Zeroconf": "3.7.16"
        }
      },
      "Xaml.Behaviors.Avalonia": {
        "type": "Direct",
        "requested": "[11.3.9.4, )",
        "resolved": "11.3.9.4",
        "contentHash": "QKSeNkpL0SGOLpMEGhtYoRfiMOhrXC/7eBdrQwg3cjchDqsNUpfyhQAY9q2Qo/oWrQlFMCcjiOyKKLZhLR4EFg==",
        "dependencies": {
          "Avalonia": "11.3.9",
          "Xaml.Behaviors.Interactions": "11.3.9.4",
          "Xaml.Behaviors.Interactions.Custom": "11.3.9.4",
          "Xaml.Behaviors.Interactions.DragAndDrop": "11.3.9.4",
          "Xaml.Behaviors.Interactions.Draggable": "11.3.9.4",
          "Xaml.Behaviors.Interactions.Events": "11.3.9.4",
          "Xaml.Behaviors.Interactions.Responsive": "11.3.9.4",
          "Xaml.Behaviors.Interactivity": "11.3.9.4"
        }
      },
      "Avalonia.Angle.Windows.Natives": {
        "type": "Transitive",
        "resolved": "2.1.25547.20250602",
        "contentHash": "ZL0VLc4s9rvNNFt19Pxm5UNAkmKNylugAwJPX9ulXZ6JWs/l6XZihPWWTyezaoNOVyEPU8YbURtW7XMAtqXH5A=="
      },
      "Avalonia.BuildServices": {
        "type": "Transitive",
        "resolved": "11.3.2",
        "contentHash": "qHDToxto1e3hci5YqbG9n0Ty8mlp3zBUN5wT66wKqaDVzXyQ0do3EnRILd4Ke9jpvsktaPpgE0YjEk7hornryQ=="
      },
      "Avalonia.Controls.ColorPicker": {
        "type": "Transitive",
        "resolved": "11.3.11",
        "contentHash": "2i5dvZcizAtumywPRravU0/0lLsa8F+n3cTyt2ZpXAwnqnE+eeuozl9Q23YnE69BpROC5wXYrjogXhWcUPks4g==",
        "dependencies": {
          "Avalonia": "11.3.11",
          "Avalonia.Remote.Protocol": "11.3.11"
        }
      },
      "Avalonia.FreeDesktop": {
        "type": "Transitive",
        "resolved": "11.3.11",
        "contentHash": "kmmYhKVWAFAz064K4FYTqVOk/Oin6DWp5LfzVNISz3BP4YYUZdrGyglxhjbS6t8iOyzMnAoHCrNs1Pw+BRFYUQ==",
        "dependencies": {
          "Avalonia": "11.3.11",
          "Tmds.DBus.Protocol": "0.21.2"
        }
      },
      "Avalonia.Native": {
        "type": "Transitive",
        "resolved": "11.3.11",
        "contentHash": "21XxwcOCYuf7fSYBsc4sF7CS0xNK80iDFyXyK9L4awnrjZOJjMuNSGiJ2L5+RQQkXnXaB8ECvMAWN3e/9WN3aw==",
        "dependencies": {
          "Avalonia": "11.3.11"
        }
      },
      "Avalonia.Remote.Protocol": {
        "type": "Transitive",
        "resolved": "11.3.11",
        "contentHash": "kooZKlJb0DkzJYFzYTgChqAr+pOBq64FyNuvjpBLBmqTTTj/f+d7XyPvdNFgPsvyY3sa4X/W79t6hQnyWmM4zw=="
      },
      "Avalonia.Skia": {
        "type": "Transitive",
        "resolved": "11.3.11",
        "contentHash": "7XynAFWmUR0pEXj6dY8ezpFkeMpNTGNvz1Vf2kLKQawJiv1MKdxzbehDXG9v4A0l2oBLd5m92Dme1/EKH7oj5g==",
        "dependencies": {
          "Avalonia": "11.3.11",
          "HarfBuzzSharp": "8.3.1.1",
          "HarfBuzzSharp.NativeAssets.Linux": "8.3.1.1",
          "HarfBuzzSharp.NativeAssets.WebAssembly": "8.3.1.1",
          "SkiaSharp": "2.88.9",
          "SkiaSharp.NativeAssets.Linux": "2.88.9",
          "SkiaSharp.NativeAssets.WebAssembly": "2.88.9"
        }
      },
      "Avalonia.Themes.Simple": {
        "type": "Transitive",
        "resolved": "11.3.11",
        "contentHash": "vrCD6Kz4nm4dKA7j3s7nTLxdlsQ+ru7iv45FDwRfys0QhrKK4deq40RxUgfREGvFfCNMD2b9EEerieU3uFSTkw==",
        "dependencies": {
          "Avalonia": "11.3.11"
        }
      },
      "Avalonia.Win32": {
        "type": "Transitive",
        "resolved": "11.3.11",
        "contentHash": "hFOuFHuhOIiB1p4XtTYnIFHvVazCQwotlPW/iUPObUHQY6qoDYqzPIZIELZiLtUIs9zHA55DWvpmW/l4rDuuAQ==",
        "dependencies": {
          "Avalonia": "11.3.11",
          "Avalonia.Angle.Windows.Natives": "2.1.25547.20250602"
        }
      },
      "Avalonia.X11": {
        "type": "Transitive",
        "resolved": "11.3.11",
        "contentHash": "ZhNHTe8n0w7+Xkxgt13WidSZudHKiDQfDDv/jEDJ4ffdh6z4oKjkPrVUer0ECgEENOR2iCLvFNlaDi5glZ66SA==",
        "dependencies": {
          "Avalonia": "11.3.11",
          "Avalonia.FreeDesktop": "11.3.11",
          "Avalonia.Skia": "11.3.11"
        }
      },
      "Common.Logging": {
        "type": "Transitive",
        "resolved": "3.4.1",
        "contentHash": "5eZ/vgEOqzLg4PypZqnJ+wMhhgHyckicbZY4iDxqQ4FtOz0CpdYZ0xQ78aszMzeAJZiLLb5VdR9tPfunVQLz6g==",
        "dependencies": {
          "Common.Logging.Core": "3.4.1"
        }
      },
      "Common.Logging.Core": {
        "type": "Transitive",
        "resolved": "3.4.1",
        "contentHash": "wLHldZHvxsSD6Ahonfj00/SkfHfKqO+YT6jsUwVm8Rch1REL9IArHAcSLXxYxYfu5/4ydGtmXvOtaH3AkVPu0A=="
      },
      "Concentus": {
        "type": "Transitive",
        "resolved": "2.2.2",
        "contentHash": "2B9YmHPKO+k7YpAAnqmiXwiMJnfjfj1C868RszOll2iZWLnGTAiC1q21L/d7CvTan7T+hyqU8dR0Dcy3cpjVfQ=="
      },
      "DynamicData": {
        "type": "Transitive",
        "resolved": "9.4.1",
        "contentHash": "+SoDTbuzY9j0K+sZfRbbVpGjjylkVMhUQnw6qiPhxzYLBJlwxFpmunXSaNBtTxwC2C9d/XIp0kO7VhMAVuUt7w==",
        "dependencies": {
          "System.Reactive": "6.0.1"
        }
      },
      "Fleck": {
        "type": "Transitive",
        "resolved": "1.2.0",
        "contentHash": "bPLXn6QbLAFoviur6XbrKB0Zn6x04E8VibHXyHZeJsoC7bkUl5DVtzM5cZgDuqHkIrBqAXJyTNJwSNIc6wBJ2Q=="
      },
      "HarfBuzzSharp": {
        "type": "Transitive",
        "resolved": "8.3.1.1",
        "contentHash": "tLZN66oe/uiRPTZfrCU4i8ScVGwqHNh5MHrXj0yVf4l7Mz0FhTGnQ71RGySROTmdognAs0JtluHkL41pIabWuQ==",
        "dependencies": {
          "HarfBuzzSharp.NativeAssets.Win32": "8.3.1.1",
          "HarfBuzzSharp.NativeAssets.macOS": "8.3.1.1"
        }
      },
      "HarfBuzzSharp.NativeAssets.Linux": {
        "type": "Transitive",
        "resolved": "8.3.1.1",
        "contentHash": "3EZ1mpIiKWRLL5hUYA82ZHteeDIVaEA/Z0rA/wU6tjx6crcAkJnBPwDXZugBSfo8+J3EznvRJf49uMsqYfKrHg=="
      },
      "HarfBuzzSharp.NativeAssets.macOS": {
        "type": "Transitive",
        "resolved": "8.3.1.1",
        "contentHash": "jbtCsgftcaFLCA13tVKo5iWdElJScrulLTKJre36O4YQTIlwDtPPqhRZNk+Y0vv4D1gxbscasGRucUDfS44ofQ=="
      },
      "HarfBuzzSharp.NativeAssets.WebAssembly": {
        "type": "Transitive",
        "resolved": "8.3.1.1",
        "contentHash": "loJweK2u/mH/3C2zBa0ggJlITIszOkK64HLAZB7FUT670dTg965whLFYHDQo69NmC4+d9UN0icLC9VHidXaVCA=="
      },
      "HarfBuzzSharp.NativeAssets.Win32": {
        "type": "Transitive",
        "resolved": "8.3.1.1",
        "contentHash": "UsJtQsfAJoFDZrXc4hCUfRPMqccfKZ0iumJ/upcUjz/cmsTgVFGNEL5yaJWmkqsuFYdMWbj/En5/kS4PFl9hBA=="
      },
      "IPNetwork2": {
        "type": "Transitive",
        "resolved": "2.1.2",
        "contentHash": "DZF2SbtyqukkLSzyu0KqcXUBdhDXQ/K3QWM27vlvdPo3W+iI81pgUCNTwyynNyVc5Q9AIn0znFVVhHGbhiofUg==",
        "dependencies": {
          "NETStandard.Library": "1.6.1"
        }
      },
      "Makaretu.Dns": {
        "type": "Transitive",
        "resolved": "2.0.1",
        "contentHash": "qe/5w5Q/i2Xz2ZnCq3E49kLAtVFRuuBn40C1mQPWbLDwlHM0KVDzCkFqwxDedv7JgQis66Z9AZKyo1zCTRrdYA==",
        "dependencies": {
          "SimpleBase": "1.3.1"
        }
      },
      "Makaretu.Dns.Multicast": {
        "type": "Transitive",
        "resolved": "0.27.0",
        "contentHash": "MTMq3vca9yw8sMW0knox/lZcAkDghmH6FVLTRInJZWbuYE99QI/9k9EujsXusWQ8oDySXb/gX92bfZipKehQgw==",
        "dependencies": {
          "Common.Logging": "3.4.1",
          "IPNetwork2": "2.1.2",
          "Makaretu.Dns": "2.0.1",
          "Tmds.LibC": "0.2.0"
        }
      },
      "Material.Icons": {
        "type": "Transitive",
        "resolved": "2.4.1",
        "contentHash": "5/8ekF4GXqpluBF+kPfv3TytBpV5Z+h4CUU5iNCDC7+A9hPQvtn08ZUjMUXtcRGxGyfScHYDqzshzTvYiPTCdA=="
      },
      "MicroCom.Runtime": {
        "type": "Transitive",
        "resolved": "0.11.0",
        "contentHash": "MEnrZ3UIiH40hjzMDsxrTyi8dtqB5ziv3iBeeU4bXsL/7NLSal9F1lZKpK+tfBRnUoDSdtcW3KufE4yhATOMCA=="
      },
      "Microsoft.Extensions.Configuration": {
        "type": "Transitive",
        "resolved": "10.0.2",
        "contentHash": "Lws+o4DFw6p5NquRoYA3d5QVvi49ugNw7TxbW4QGLsL8F1LCCyJqWFy0+RMQ/hzUuS9aKV5NJ/XGAF5N9/RQcQ==",
        "dependencies": {
          "Microsoft.Extensions.Configuration.Abstractions": "10.0.2",
          "Microsoft.Extensions.Primitives": "10.0.2"
        }
      },
      "Microsoft.Extensions.Configuration.Abstractions": {
        "type": "Transitive",
        "resolved": "10.0.2",
        "contentHash": "KC5PslaTDnTuTvyke0KYAVBYdZ7IVTsU3JhHe69BpEbHLcj1YThP3bIGtZNOkZfast2AuLnul5lk4rZKxAdUGQ==",
        "dependencies": {
          "Microsoft.Extensions.Primitives": "10.0.2"
        }
      },
      "Microsoft.Extensions.Configuration.Binder": {
        "type": "Transitive",
        "resolved": "10.0.2",
        "contentHash": "/SdW50prUuenglSy7MXU3eVQkOk4/J4fjc+GIhv4NkTmaZOQyTqpVAYi8nRjNtOKHzCy7g5cSlOSgkbT7clLwQ==",
        "dependencies": {
          "Microsoft.Extensions.Configuration": "10.0.2",
          "Microsoft.Extensions.Configuration.Abstractions": "10.0.2"
        }
      },
      "Microsoft.Extensions.DependencyInjection.Abstractions": {
        "type": "Transitive",
        "resolved": "10.0.2",
        "contentHash": "zOIurr59+kUf9vNcsUkCvKWZv+fPosUZXURZesYkJCvl0EzTc9F7maAO4Cd2WEV7ZJJ0AZrFQvuH6Npph9wdBw=="
      },
      "Microsoft.Extensions.FileProviders.Abstractions": {
        "type": "Transitive",
        "resolved": "10.0.0",
        "contentHash": "/ppSdehKk3fuXjlqCDgSOtjRK/pSHU8eWgzSHfHdwVm5BP4Dgejehkw+PtxKG2j98qTDEHDst2Y99aNsmJldmw==",
        "dependencies": {
          "Microsoft.Extensions.Primitives": "10.0.0"
        }
      },
      "Microsoft.Extensions.FileProviders.Physical": {
        "type": "Transitive",
        "resolved": "10.0.0",
        "contentHash": "UZUQ74lQMmvcprlG8w+XpxBbyRDQqfb7GAnccITw32hdkUBlmm9yNC4xl4aR9YjgV3ounZcub194sdmLSfBmPA==",
        "dependencies": {
          "Microsoft.Extensions.FileProviders.Abstractions": "10.0.0",
          "Microsoft.Extensions.FileSystemGlobbing": "10.0.0",
          "Microsoft.Extensions.Primitives": "10.0.0"
        }
      },
      "Microsoft.Extensions.FileSystemGlobbing": {
        "type": "Transitive",
        "resolved": "10.0.0",
        "contentHash": "5hfVl/e+bx1px2UkN+1xXhd3hu7Ui6ENItBzckFaRDQXfr+SHT/7qrCDrlQekCF/PBtEu2vtk87U2+gDEF8EhQ=="
      },
      "Microsoft.Extensions.Logging.Abstractions": {
        "type": "Transitive",
        "resolved": "10.0.2",
        "contentHash": "RZkez/JjpnO+MZ6efKkSynN6ZztLpw3WbxNzjLCPBd97wWj1S9ZYPWi0nmT4kWBRa6atHsdM1ydGkUr8GudyDQ==",
        "dependencies": {
          "Microsoft.Extensions.DependencyInjection.Abstractions": "10.0.2"
        }
      },
      "Microsoft.Extensions.Logging.Configuration": {
        "type": "Transitive",
        "resolved": "10.0.2",
        "contentHash": "XVtNJfLZVTDmQS5RCUjIr7QEAgGhJ3yQ0L3PduN7rE4aijmqYl0pIF09ZSU8jgnxml91Mw59ze220g8S7anaOg==",
        "dependencies": {
          "Microsoft.Extensions.Configuration": "10.0.2",
          "Microsoft.Extensions.Configuration.Abstractions": "10.0.2",
          "Microsoft.Extensions.Configuration.Binder": "10.0.2",
          "Microsoft.Extensions.DependencyInjection.Abstractions": "10.0.2",
          "Microsoft.Extensions.Logging": "10.0.2",
          "Microsoft.Extensions.Logging.Abstractions": "10.0.2",
          "Microsoft.Extensions.Options": "10.0.2",
          "Microsoft.Extensions.Options.ConfigurationExtensions": "10.0.2"
        }
      },
      "Microsoft.Extensions.Options": {
        "type": "Transitive",
        "resolved": "10.0.2",
        "contentHash": "1De2LJjmxdqopI5AYC5dIhoZQ79AR5ayywxNF1rXrXFtKQfbQOV9+n/IsZBa7qWlr0MqoGpW8+OY2v/57udZOA==",
        "dependencies": {
          "Microsoft.Extensions.DependencyInjection.Abstractions": "10.0.2",
          "Microsoft.Extensions.Primitives": "10.0.2"
        }
      },
      "Microsoft.Extensions.Options.ConfigurationExtensions": {
        "type": "Transitive",
        "resolved": "10.0.2",
        "contentHash": "8njGDg0OdDBM4Zox0ybuUOJZkQ8HcH49F+POZBlG+nsfzEyqOCHyHEkWeRVI62qsssiugUVEKqUttT1ZbV0aJQ==",
        "dependencies": {
          "Microsoft.Extensions.Configuration.Abstractions": "10.0.2",
          "Microsoft.Extensions.Configuration.Binder": "10.0.2",
          "Microsoft.Extensions.DependencyInjection.Abstractions": "10.0.2",
          "Microsoft.Extensions.Options": "10.0.2",
          "Microsoft.Extensions.Primitives": "10.0.2"
        }
      },
      "Microsoft.Extensions.Primitives": {
        "type": "Transitive",
        "resolved": "10.0.2",
        "contentHash": "QmSiO+oLBEooGgB3i0GRXyeYRDHjllqt3k365jwfZlYWhvSHA3UL2NEVV5m8aZa041eIlblo6KMI5txvTMpTwA=="
      },
      "Microsoft.IO.RecyclableMemoryStream": {
        "type": "Transitive",
        "resolved": "3.0.1",
        "contentHash": "s/s20YTVY9r9TPfTrN5g8zPF1YhwxyqO6PxUkrYTGI2B+OGPe9AdajWZrLhFqXIvqIW23fnUE4+ztrUWNU1+9g=="
      },
      "Microsoft.NETCore.Platforms": {
        "type": "Transitive",
        "resolved": "1.1.0",
        "contentHash": "kz0PEW2lhqygehI/d6XsPCQzD7ff7gUJaVGPVETX611eadGsA3A877GdSlU0LRVMCTH/+P3o2iDTak+S08V2+A=="
      },
      "Microsoft.Win32.SystemEvents": {
        "type": "Transitive",
        "resolved": "8.0.0",
        "contentHash": "9opKRyOKMCi2xJ7Bj7kxtZ1r9vbzosMvRrdEhVhDz8j8MoBGgB+WmC94yH839NPH+BclAjtQ/pyagvi/8gDLkw=="
      },
      "NETStandard.Library": {
        "type": "Transitive",
        "resolved": "1.6.1",
        "contentHash": "WcSp3+vP+yHNgS8EV5J7pZ9IRpeDuARBPN28by8zqff1wJQXm26PVU8L3/fYLBJVU7BtDyqNVWq2KlCVvSSR4A==",
        "dependencies": {
          "Microsoft.NETCore.Platforms": "1.1.0"
        }
      },
      "ReactiveUI.SourceGenerators.Analyzers.CodeFixes": {
        "type": "Transitive",
        "resolved": "2.6.1",
        "contentHash": "zawC2el6QLXwapxg1N1Kf+8+sgd4h/QW0ruirnSvk/fuMt4PJmu6LpE00bMlIU3B3LZwMJFEbkrvB7wcs7OFKw=="
      },
      "runtime.linux-arm.runtime.native.System.IO.Ports": {
        "type": "Transitive",
        "resolved": "8.0.0",
        "contentHash": "gK720fg6HemDg8sXcfy+xCMZ9+hF78Gc7BmREbmkS4noqlu1BAr9qZtuWGhLzFjBfgecmdtl4+SYVwJ1VneZBQ=="
      },
      "runtime.linux-arm64.runtime.native.System.IO.Ports": {
        "type": "Transitive",
        "resolved": "8.0.0",
        "contentHash": "KYG6/3ojhEWbb3FwQAKgGWPHrY+HKUXXdVjJlrtyCLn3EMcNTaNcPadb2c0ndQzixZSmAxZKopXJr0nLwhOrpQ=="
      },
      "runtime.linux-x64.runtime.native.System.IO.Ports": {
        "type": "Transitive",
        "resolved": "8.0.0",
        "contentHash": "Wnw5vhA4mgGbIFoo6l9Fk3iEcwRSq49a1aKwJgXUCUtEQLCSUDjTGSxqy/oMUuOyyn7uLHsH8KgZzQ1y3lReiQ=="
      },
      "runtime.native.System.IO.Ports": {
        "type": "Transitive",
        "resolved": "8.0.0",
        "contentHash": "Ee7Sz5llLpTgyKIWzKI/GeuRSbFkOABgJRY00SqTY0OkTYtkB+9l5rFZfE7fxPA3c22RfytCBYkUdAkcmwMjQg==",
        "dependencies": {
          "runtime.linux-arm.runtime.native.System.IO.Ports": "8.0.0",
          "runtime.linux-arm64.runtime.native.System.IO.Ports": "8.0.0",
          "runtime.linux-x64.runtime.native.System.IO.Ports": "8.0.0",
          "runtime.osx-arm64.runtime.native.System.IO.Ports": "8.0.0",
          "runtime.osx-x64.runtime.native.System.IO.Ports": "8.0.0"
        }
      },
      "runtime.osx-arm64.runtime.native.System.IO.Ports": {
        "type": "Transitive",
        "resolved": "8.0.0",
        "contentHash": "rbUBLAaFW9oVkbsb0+XSrAo2QdhBeAyzLl5KQ6Oci9L/u626uXGKInsVJG6B9Z5EO8bmplC8tsMiaHK8wOBZ+w=="
      },
      "runtime.osx-x64.runtime.native.System.IO.Ports": {
        "type": "Transitive",
        "resolved": "8.0.0",
        "contentHash": "IcfB4jKtM9pkzP9OpYelEcUX1MiDt0IJPBh3XYYdEISFF+6Mc+T8WWi0dr9wVh1gtcdVjubVEIBgB8BHESlGfQ=="
      },
      "SimpleBase": {
        "type": "Transitive",
        "resolved": "1.3.1",
        "contentHash": "TqqQc+WFg3s10/PdnI2Dio0U7xEmVXhkf+ey4tOGZzjyd054rnNOLNVahJhMYmfBQdS7/jkVqC8xzLm/bkR3EA=="
      },
      "SkiaSharp.NativeAssets.Linux": {
        "type": "Transitive",
        "resolved": "2.88.9",
        "contentHash": "cWSaJKVPWAaT/WIn9c8T5uT/l4ETwHxNJTkEOtNKjphNo8AW6TF9O32aRkxqw3l8GUdUo66Bu7EiqtFh/XG0Zg==",
        "dependencies": {
          "SkiaSharp": "2.88.9"
        }
      },
      "SkiaSharp.NativeAssets.macOS": {
        "type": "Transitive",
        "resolved": "2.88.9",
        "contentHash": "Nv5spmKc4505Ep7oUoJ5vp3KweFpeNqxpyGDWyeEPTX2uR6S6syXIm3gj75dM0YJz7NPvcix48mR5laqs8dPuA=="
      },
      "SkiaSharp.NativeAssets.WebAssembly": {
        "type": "Transitive",
        "resolved": "2.88.9",
        "contentHash": "kt06RccBHSnAs2wDYdBSfsjIDbY3EpsOVqnlDgKdgvyuRA8ZFDaHRdWNx1VHjGgYzmnFCGiTJBnXFl5BqGwGnA=="
      },
      "SkiaSharp.NativeAssets.Win32": {
        "type": "Transitive",
        "resolved": "2.88.9",
        "contentHash": "wb2kYgU7iy84nQLYZwMeJXixvK++GoIuECjU4ECaUKNuflyRlJKyiRhN1MAHswvlvzuvkrjRWlK0Za6+kYQK7w=="
      },
      "Splat": {
        "type": "Transitive",
        "resolved": "17.1.1",
        "contentHash": "WwSoJ6aPHlXwWS2jfUtKQIgzQQDSuE/iGbqEFRcM1DKVQelf+XSfnaur6oAqzECobuJLC9nqUMeDH19gU6JDag==",
        "dependencies": {
          "Splat.Builder": "17.1.1",
          "Splat.Logging": "17.1.1",
          "System.Reactive": "6.0.2"
        }
      },
      "Splat.Builder": {
        "type": "Transitive",
        "resolved": "17.1.1",
        "contentHash": "xlA5ErMwa/mg//uC5Ajv4ns3HbWXE0VJiyfupdsLfC+1HPf2MIUUk9ViYxwearB9nkZ+mAmteVD0keBhg/LYsQ==",
        "dependencies": {
          "Splat.Core": "17.1.1",
          "System.Reactive": "6.0.2"
        }
      },
      "Splat.Core": {
        "type": "Transitive",
        "resolved": "17.1.1",
        "contentHash": "sRNcO9EcnrCMr2OF4IxD8gcHtIAfCi98GwVZEK9X294RQEBIsy7sHwy8fndlxLguIHvjDJMz85v+qd226pwdNw==",
        "dependencies": {
          "System.Reactive": "6.0.2"
        }
      },
      "Splat.Logging": {
        "type": "Transitive",
        "resolved": "17.1.1",
        "contentHash": "OSkQVj6/hYVHa0taPasaknuOLw4l8CH9oTFRNuFayDowhHtGg6+UQb2LeSJXV+EXRmUL2E/TFz2ucitnQyTXJQ==",
        "dependencies": {
          "Splat.Core": "17.1.1",
          "System.Reactive": "6.0.2"
        }
      },
      "System.CodeDom": {
        "type": "Transitive",
        "resolved": "8.0.0",
        "contentHash": "WTlRjL6KWIMr/pAaq3rYqh0TJlzpouaQ/W1eelssHgtlwHAH25jXTkUphTYx9HaIIf7XA6qs/0+YhtLEQRkJ+Q=="
      },
      "System.Drawing.Common": {
        "type": "Transitive",
        "resolved": "8.0.8",
        "contentHash": "4ZM1wvLjz9nVVExsfPAaSl/qOvU+QNedJL5rQ+2Wbow+iGeyO0e7XN07707rMBgaffEeeLrCZBwC0oHUuvRdPw==",
        "dependencies": {
          "Microsoft.Win32.SystemEvents": "8.0.0"
        }
      },
      "System.IO.Ports": {
        "type": "Transitive",
        "resolved": "8.0.0",
        "contentHash": "MaiPbx2/QXZc62gm/DrajRrGPG1lU4m08GWMoWiymPYM+ba4kfACp2PbiYpqJ4QiFGhHD00zX3RoVDTucjWe9g==",
        "dependencies": {
          "runtime.native.System.IO.Ports": "8.0.0"
        }
      },
      "System.Management": {
        "type": "Transitive",
        "resolved": "8.0.0",
        "contentHash": "jrK22i5LRzxZCfGb+tGmke2VH7oE0DvcDlJ1HAKYU8cPmD8XnpUT0bYn2Gy98GEhGjtfbR/sxKTVb+dE770pfA==",
        "dependencies": {
          "System.CodeDom": "8.0.0"
        }
      },
      "Tmds.DBus.Protocol": {
        "type": "Transitive",
        "resolved": "0.21.2",
        "contentHash": "ScSMrUrrw8px4kK1Glh0fZv/HQUlg1078bNXNPfRPKQ3WbRzV9HpsydYEOgSoMK5LWICMf2bMwIFH0pGjxjcMA=="
      },
      "Tmds.LibC": {
        "type": "Transitive",
        "resolved": "0.2.0",
        "contentHash": "+RvLuNHOLW7cxzgDe9yHLoayBgjsuH2/gJtJnuVMxweKrxxYT6TwQNAmt06SFWpjwk68aRcwwD4FfMMA6tZvVA=="
      },
      "UnitsNet": {
        "type": "Transitive",
        "resolved": "5.74.0",
        "contentHash": "aj5klH43LvitOz0lC+6MnVy+uj6DR8shwnzIGsmtRAhHJN6XxtC4mdn+MbkOlZ20dGgGKrIwh4LBQMAf7SL9uA=="
      },
      "Xaml.Behaviors.Interactions.Custom": {
        "type": "Transitive",
        "resolved": "11.3.9.4",
        "contentHash": "y/D69NhBZsmZUq6WQC1bsrS9lamRoiPgUtZGiWtsqrZipPLNCxO9u5XhWkzuRat7XFXtF9x+0QPeNX7PIwNSSA==",
        "dependencies": {
          "Avalonia": "11.3.9",
          "Xaml.Behaviors.Interactivity": "11.3.9.4"
        }
      },
      "Xaml.Behaviors.Interactions.DragAndDrop": {
        "type": "Transitive",
        "resolved": "11.3.9.4",
        "contentHash": "uzEH7TimZceNlYIm1NIMa7ePdmJ8mKUVwgW+rD0MyYU046fWpoPpmH1+Mq19o1X2kUjlSoVujUdFlADqka7dtg==",
        "dependencies": {
          "Avalonia": "11.3.9",
          "Xaml.Behaviors.Interactivity": "11.3.9.4"
        }
      },
      "Xaml.Behaviors.Interactions.Draggable": {
        "type": "Transitive",
        "resolved": "11.3.9.4",
        "contentHash": "3HC0Eg9D4w/e8LUTh+fZCCbmsFjkrxKrJwNa0885Untz3BypC8ULJMue9vB3bbLYHtsNz0zKrSKPP2IToAndNg==",
        "dependencies": {
          "Avalonia": "11.3.9",
          "Xaml.Behaviors.Interactivity": "11.3.9.4"
        }
      },
      "Xaml.Behaviors.Interactions.Events": {
        "type": "Transitive",
        "resolved": "11.3.9.4",
        "contentHash": "uzZ62kX9jERgDR1qOLZS1CxWHZHqPP8CHsN6M6xunkXszn1DYcKjNjG92vPVYFuo3j2LsdaHH6+gOpv/k6OyeA==",
        "dependencies": {
          "Avalonia": "11.3.9",
          "Xaml.Behaviors.Interactivity": "11.3.9.4"
        }
      },
      "Xaml.Behaviors.Interactions.Responsive": {
        "type": "Transitive",
        "resolved": "11.3.9.4",
        "contentHash": "T0NHWqerjHaYrgPk0EMCR43icKdedMghV13Fu0ZxKvrZ5ktOQCeqgOez8dHjnnGMlBcU7uHd/n3g9SlwZofjxA==",
        "dependencies": {
          "Avalonia": "11.3.9",
          "Xaml.Behaviors.Interactivity": "11.3.9.4"
        }
      },
      "waterytart.core": {
        "type": "Project",
        "dependencies": {
          "AsyncImageLoader.Avalonia": "[3.6.0, )",
          "Autofac": "[9.0.0, )",
          "Avalonia": "[11.3.11, )",
          "Avalonia.Diagnostics": "[11.3.11, )",
          "Avalonia.Fonts.Inter": "[11.3.11, )",
          "Avalonia.Themes.Fluent": "[11.3.11, )",
          "AvaloniaUI.DiagnosticsSupport": "[2.1.1, )",
          "CommunityToolkit.Mvvm": "[8.4.0, )",
          "Iot.Device.Bindings": "[4.1.0, )",
          "Karambolo.Extensions.Logging.File": "[4.1.0, )",
          "Material.Icons.Avalonia": "[2.4.1, )",
          "Microsoft.Extensions.Logging.Console": "[10.0.2, )",
          "ReactiveUI.Avalonia": "[11.3.8, )",
          "Sendspin.SDK": "[6.3.5, )",
          "SharpHook": "[7.1.1, )",
          "SkiaSharp": "[2.88.9, )",
          "System.Device.Gpio": "[4.1.0, )",
          "WateryTart.Service.MassClient": "[1.0.0, )",
          "Xaml.Behaviors.Avalonia": "[11.3.9.4, )",
          "Xaml.Behaviors.Interactivity": "[11.3.9.4, )",
          "Zeroconf": "[3.7.16, )"
        }
      },
      "waterytart.service.massclient": {
        "type": "Project",
        "dependencies": {
          "Microsoft.Extensions.Logging": "[10.0.2, )",
          "Microsoft.Extensions.Logging.Console": "[10.0.2, )",
          "Websocket.Client": "[5.3.0, )"
        }
      },
      "AsyncImageLoader.Avalonia": {
        "type": "CentralTransitive",
        "requested": "[3.6.0, )",
        "resolved": "3.6.0",
        "contentHash": "MXZjvfVM1RGFisN6HkVZqpA9qXI1NBszwZ68TGrJY0dZB/zYCqlo8lbkIYj6LU3eRHHPt4IHJbWoKIFTqSINIw==",
        "dependencies": {
          "Avalonia": "11.1.0"
        }
      },
      "Autofac": {
        "type": "CentralTransitive",
        "requested": "[9.0.0, )",
        "resolved": "9.0.0",
        "contentHash": "G8TpUMVIq1pEAMuAao8h5MKduY91SotjgK93wQb5LaxbJUVE0/XjCA6t2SOp+AkPC3GB/C2MAiF2D7krYjraFw=="
      },
      "Avalonia": {
        "type": "CentralTransitive",
        "requested": "[11.3.11, )",
        "resolved": "11.3.11",
        "contentHash": "N+LjdoGLOD2Rio1JK0VlSMEB2opGZpq8/Vs5LV16eAnbjFeXdqY5uwmURFKb1rJ9McyMZQT3Kf2/DecmKqrLEw==",
        "dependencies": {
          "Avalonia.BuildServices": "11.3.2",
          "Avalonia.Remote.Protocol": "11.3.11",
          "MicroCom.Runtime": "0.11.0"
        }
      },
      "Avalonia.Fonts.Inter": {
        "type": "CentralTransitive",
        "requested": "[11.3.11, )",
        "resolved": "11.3.11",
        "contentHash": "VzfS95eXV2YlMxizNWGug3eb4717lNGZ3lIfl5os+DTL+A1djDT+Sv87oXAj8jGVqijdA/eFP9jax5JA9GCb3g==",
        "dependencies": {
          "Avalonia": "11.3.11"
        }
      },
      "Avalonia.Themes.Fluent": {
        "type": "CentralTransitive",
        "requested": "[11.3.11, )",
        "resolved": "11.3.11",
        "contentHash": "GBLwgTwLPGaWxtbBdZ+kUn+QIKVorTc3m8v3nr0wsvRJkWHPgrDR5LAoHJjkPQCLDFuqocYFIeLOUAaBYP0MeA==",
        "dependencies": {
          "Avalonia": "11.3.11"
        }
      },
      "CommunityToolkit.Mvvm": {
        "type": "CentralTransitive",
        "requested": "[8.4.0, )",
        "resolved": "8.4.0",
        "contentHash": "tqVU8yc/ADO9oiTRyTnwhFN68hCwvkliMierptWOudIAvWY1mWCh5VFh+guwHJmpMwfg0J0rY+yyd5Oy7ty9Uw=="
      },
      "Iot.Device.Bindings": {
        "type": "CentralTransitive",
        "requested": "[4.1.0, )",
        "resolved": "4.1.0",
        "contentHash": "bDSWfu/o2PME0bZKCe6KHihtlLVbSICjg2lMOqxtaFmgUGHI6KUY4q3wyOVGgTibjHcMKKvGl5MvGUwP4IrM9g==",
        "dependencies": {
          "Microsoft.Extensions.Logging.Abstractions": "8.0.3",
          "System.Device.Gpio": "4.1.0",
          "System.Drawing.Common": "8.0.8",
          "System.IO.Ports": "8.0.0",
          "System.Management": "8.0.0",
          "UnitsNet": "5.74.0"
        }
      },
      "Karambolo.Extensions.Logging.File": {
        "type": "CentralTransitive",
        "requested": "[4.1.0, )",
        "resolved": "4.1.0",
        "contentHash": "mV/+C68gUoRpgGKi71i2gEdSGha90vvwV7fKchs8OB+12NEdMrY6YDCMU0Q6azTILDw1wyZ/2uWBMB+WcVGrAg==",
        "dependencies": {
          "Microsoft.Extensions.FileProviders.Physical": "10.0.0",
          "Microsoft.Extensions.Logging.Configuration": "10.0.0",
          "Microsoft.Extensions.Options.ConfigurationExtensions": "10.0.0"
        }
      },
      "Material.Icons.Avalonia": {
        "type": "CentralTransitive",
        "requested": "[2.4.1, )",
        "resolved": "2.4.1",
        "contentHash": "bJZzJCHfZDBg33ZyiSxvexMs2qMGkkv1XEgkAJkqLK9I8WNIUGLCnXcjoBrpSh2Sd2ytoD1IEjV72Zy54St3zA==",
        "dependencies": {
          "Avalonia": "11.0.0",
          "Material.Icons": "2.4.1"
        }
      },
      "Microsoft.Extensions.DependencyInjection": {
        "type": "CentralTransitive",
        "requested": "[10.0.2, )",
        "resolved": "10.0.2",
        "contentHash": "J/Zmp6fY93JbaiZ11ckWvcyxMPjD6XVwIHQXBjryTBgn7O6O20HYg9uVLFcZlNfgH78MnreE/7EH+hjfzn7VyA==",
        "dependencies": {
          "Microsoft.Extensions.DependencyInjection.Abstractions": "10.0.2"
        }
      },
      "Microsoft.Extensions.Logging": {
        "type": "CentralTransitive",
        "requested": "[10.0.2, )",
        "resolved": "10.0.2",
        "contentHash": "a0EWuBs6D3d7XMGroDXm+WsAi5CVVfjOJvyxurzWnuhBN9CO+1qHKcrKV1JK7H/T4ZtHIoVCOX/YyWM8K87qtw==",
        "dependencies": {
          "Microsoft.Extensions.DependencyInjection": "10.0.2",
          "Microsoft.Extensions.Logging.Abstractions": "10.0.2",
          "Microsoft.Extensions.Options": "10.0.2"
        }
      },
      "Microsoft.Extensions.Logging.Console": {
        "type": "CentralTransitive",
        "requested": "[10.0.2, )",
        "resolved": "10.0.2",
        "contentHash": "Z6gBfpHqJsz2hGH+eUQUQI+DSHsDNhTKt8toHAtDhYFRlxUN1FKPKzNmTgSrAz1gtDTOBjDU5lQZ50463Ehw7A==",
        "dependencies": {
          "Microsoft.Extensions.DependencyInjection.Abstractions": "10.0.2",
          "Microsoft.Extensions.Logging": "10.0.2",
          "Microsoft.Extensions.Logging.Abstractions": "10.0.2",
          "Microsoft.Extensions.Logging.Configuration": "10.0.2",
          "Microsoft.Extensions.Options": "10.0.2"
        }
      },
      "ReactiveUI": {
        "type": "CentralTransitive",
        "requested": "[22.2.1, )",
        "resolved": "22.2.1",
        "contentHash": "P0ZaWZdRVoycwfcEpkC8C/b9mbEJmueTPkBA4PON9NiopGjUY2YhIP5Dm8lki/FLH9aiKt18NXsDwv/mgO/1Dw==",
        "dependencies": {
          "DynamicData": "9.4.1",
          "Splat": "17.1.1",
          "System.Reactive": "6.1.0"
        }
      },
      "ReactiveUI.Avalonia": {
        "type": "CentralTransitive",
        "requested": "[11.3.8, )",
        "resolved": "11.3.8",
        "contentHash": "8GtFnYCyjcuTlGuUhvMMrY/sUmjuzSQbbtNQ3LYZEW7tkzXixDYnHZzqZU73W+NOnq2sBxds7gSUO52igFWVUw==",
        "dependencies": {
          "Avalonia": "11.3.8",
          "ReactiveUI": "22.2.1",
          "Splat": "17.1.1"
        }
      },
      "SharpHook": {
        "type": "CentralTransitive",
        "requested": "[7.1.1, )",
        "resolved": "7.1.1",
        "contentHash": "IgzfEVFCVsO2LtMmAR6fAxEsCTJlqJtXGELLFBynGs6mlZwL/u2c+o3UXpQ7Yrc3+57eurKNSRfIKvaYBtccBA=="
      },
      "SkiaSharp": {
        "type": "CentralTransitive",
        "requested": "[2.88.9, )",
        "resolved": "2.88.9",
        "contentHash": "3MD5VHjXXieSHCleRLuaTXmL2pD0mB7CcOB1x2kA1I4bhptf4e3R27iM93264ZYuAq6mkUyX5XbcxnZvMJYc1Q==",
        "dependencies": {
          "SkiaSharp.NativeAssets.Win32": "2.88.9",
          "SkiaSharp.NativeAssets.macOS": "2.88.9"
        }
      },
      "System.Device.Gpio": {
        "type": "CentralTransitive",
        "requested": "[4.1.0, )",
        "resolved": "4.1.0",
        "contentHash": "Ip7o1kJ8B/UL5+7/21treDxue2/5Is6bfC3KWEBEYX5LH8jvRiypL1Muoe4HdEHa728Ge6t+5PZ7x02ibPp5Jg=="
      },
      "System.Reactive": {
        "type": "CentralTransitive",
        "requested": "[6.1.0, )",
        "resolved": "6.1.0",
        "contentHash": "M5cCC1ZMkZr9jbSQGTHnVkb5TDN67qWCV7AP8TAHdGkvDlu0puT5NzemESNn9+HkYIDpWpocP68/i+/ame2/2w=="
      },
      "Websocket.Client": {
        "type": "CentralTransitive",
        "requested": "[5.3.0, )",
        "resolved": "5.3.0",
        "contentHash": "uhdDM+gruCEhHRCKCoyali1HJp0wSS/HBs5X9XZwULNKM2y5ML188TsvcEgWEFOx0NOaHfGNtfoC0cd1p2NOIg==",
        "dependencies": {
          "Microsoft.Extensions.Logging.Abstractions": "8.0.0",
          "Microsoft.IO.RecyclableMemoryStream": "3.0.0",
          "System.Reactive": "6.0.0"
        }
      },
      "Xaml.Behaviors.Interactions": {
        "type": "CentralTransitive",
        "requested": "[11.3.9.4, )",
        "resolved": "11.3.9.4",
        "contentHash": "MFvtzXA+Pcpb30xBN5FWbPoy0r1Dlg8Tq3hsAAdHbhFHlYnPFtlwfy96Vnvt9XyuzT7sI/PKJFD5ADl9mi7hsA==",
        "dependencies": {
          "Avalonia": "11.3.9",
          "Xaml.Behaviors.Interactivity": "11.3.9.4"
        }
      },
      "Xaml.Behaviors.Interactivity": {
        "type": "CentralTransitive",
        "requested": "[11.3.9.4, )",
        "resolved": "11.3.9.4",
        "contentHash": "CoBcQrmHl1Mru3IP8GUaxNn/vOHqpri/6zkvTOrFk3DcOahPmXPbu+y8letUxgpG+1vKAAx8VImUy98+mcjN7g==",
        "dependencies": {
          "Avalonia": "11.3.9"
        }
      },
      "Zeroconf": {
        "type": "CentralTransitive",
        "requested": "[3.7.16, )",
        "resolved": "3.7.16",
        "contentHash": "7NrPhT8r6a76TYVIuT0jSjLrWdwFNY0GaX1VWB6WVtI+4s3E+5Skd4IASjtEG6HFxWM4dbwPA5CpUCSFWmoYUg==",
        "dependencies": {
          "System.Reactive": "5.0.0"
        }
      }
    }
  }
}